{
    "version": 3,
    "terraform_version": "0.8.3",
    "serial": 0,
    "lineage": "7e0a726e-b1fc-4526-a623-e0c81e22b69f",
    "modules": [
        {
            "path": [
                "root"
            ],
            "outputs": {
                "quorum-1-private-ip": {
                    "sensitive": false,
                    "type": "string",
                    "value": "172.16.17.225"
                },
                "quorum-1-public-ip": {
                    "sensitive": false,
                    "type": "string",
                    "value": "184.72.203.194"
                }
            },
            "resources": {
                "aws_instance.quorum_1": {
                    "type": "aws_instance",
                    "depends_on": [],
                    "primary": {
                        "id": "i-0303755df2f6390b8",
                        "attributes": {
                            "ami": "ami-40d28157",
                            "associate_public_ip_address": "true",
                            "availability_zone": "us-east-1b",
                            "disable_api_termination": "false",
                            "ebs_block_device.#": "0",
                            "ebs_optimized": "false",
                            "ephemeral_block_device.#": "0",
                            "iam_instance_profile": "",
                            "id": "i-0303755df2f6390b8",
                            "instance_state": "running",
                            "instance_type": "t2.small",
                            "key_name": "ethereum-raft-demo",
                            "monitoring": "false",
                            "network_interface_id": "eni-aaef805a",
                            "private_dns": "ip-172-16-17-225.ec2.internal",
                            "private_ip": "172.16.17.225",
                            "public_dns": "ec2-184-72-203-194.compute-1.amazonaws.com",
                            "public_ip": "184.72.203.194",
                            "root_block_device.#": "1",
                            "root_block_device.0.delete_on_termination": "true",
                            "root_block_device.0.iops": "100",
                            "root_block_device.0.volume_size": "8",
                            "root_block_device.0.volume_type": "gp2",
                            "security_groups.#": "0",
                            "source_dest_check": "true",
                            "subnet_id": "subnet-6821b445",
                            "tags.%": "3",
                            "tags.Environment": "demo",
                            "tags.Name": "quorum-raft 1",
                            "tags.Project": "quorum-raft",
                            "tenancy": "default",
                            "vpc_security_group_ids.#": "1",
                            "vpc_security_group_ids.3209468303": "sg-8a840df7"
                        },
                        "meta": {
                            "schema_version": "1"
                        },
                        "tainted": false
                    },
                    "deposed": [],
                    "provider": ""
                }
            },
            "depends_on": []
        }
    ]
}
