{
    "version": 3,
    "terraform_version": "0.8.3",
    "serial": 12,
    "lineage": "7e0a726e-b1fc-4526-a623-e0c81e22b69f",
    "modules": [
        {
            "path": [
                "root"
            ],
            "outputs": {
                "quorum-1-az": {
                    "sensitive": false,
                    "type": "string",
                    "value": "us-east-1b"
                },
                "quorum-1-private-ip": {
                    "sensitive": false,
                    "type": "string",
                    "value": "10.0.1.104"
                },
                "quorum-1-public-ip": {
                    "sensitive": false,
                    "type": "string",
                    "value": "54.165.242.102"
                },
                "quorum-2-az": {
                    "sensitive": false,
                    "type": "string",
                    "value": "us-east-1c"
                },
                "quorum-2-private-ip": {
                    "sensitive": false,
                    "type": "string",
                    "value": "10.0.2.222"
                },
                "quorum-2-public-ip": {
                    "sensitive": false,
                    "type": "string",
                    "value": "54.145.225.99"
                },
                "quorum-3-az": {
                    "sensitive": false,
                    "type": "string",
                    "value": "us-east-1d"
                },
                "quorum-3-private-ip": {
                    "sensitive": false,
                    "type": "string",
                    "value": "10.0.3.49"
                },
                "quorum-3-public-ip": {
                    "sensitive": false,
                    "type": "string",
                    "value": "54.198.5.39"
                }
            },
            "resources": {
                "aws_iam_instance_profile.ecr_accessor": {
                    "type": "aws_iam_instance_profile",
                    "depends_on": [
                        "aws_iam_role.ecr_accessor"
                    ],
                    "primary": {
                        "id": "quorum-raft.demo.ecrAccessor",
                        "attributes": {
                            "arn": "arn:aws:iam::128367567151:instance-profile/quorum-raft.demo.ecrAccessor",
                            "id": "quorum-raft.demo.ecrAccessor",
                            "name": "quorum-raft.demo.ecrAccessor",
                            "path": "/",
                            "roles.#": "1",
                            "roles.3054418326": "quorum-raft.demo.ecrAccessor"
                        },
                        "meta": {},
                        "tainted": false
                    },
                    "deposed": [],
                    "provider": ""
                },
                "aws_iam_role.ecr_accessor": {
                    "type": "aws_iam_role",
                    "depends_on": [],
                    "primary": {
                        "id": "quorum-raft.demo.ecrAccessor",
                        "attributes": {
                            "arn": "arn:aws:iam::128367567151:role/quorum-raft.demo.ecrAccessor",
                            "assume_role_policy": "{\"Version\":\"2012-10-17\",\"Statement\":[{\"Effect\":\"Allow\",\"Principal\":{\"Service\":\"ec2.amazonaws.com\"},\"Action\":\"sts:AssumeRole\"}]}",
                            "create_date": "2017-01-17T16:47:20Z",
                            "id": "quorum-raft.demo.ecrAccessor",
                            "name": "quorum-raft.demo.ecrAccessor",
                            "path": "/",
                            "unique_id": "AROAIBZEIVDLQ2NXWJJ7Q"
                        },
                        "meta": {},
                        "tainted": false
                    },
                    "deposed": [],
                    "provider": ""
                },
                "aws_iam_role_policy.ecr_accessor": {
                    "type": "aws_iam_role_policy",
                    "depends_on": [
                        "aws_iam_role.ecr_accessor"
                    ],
                    "primary": {
                        "id": "quorum-raft.demo.ecrAccessor:quorum-raft.demo.ecrAccessor",
                        "attributes": {
                            "id": "quorum-raft.demo.ecrAccessor:quorum-raft.demo.ecrAccessor",
                            "name": "quorum-raft.demo.ecrAccessor",
                            "policy": "{ \"Version\":   \"2012-10-17\"\n, \"Statement\": [ { \"Action\":   [ \"ecr:GetAuthorizationToken\"\n                               , \"ecr:BatchCheckLayerAvailability\"\n                               , \"ecr:GetDownloadUrlForLayer\"\n                               , \"ecr:BatchGetImage\"\n                               ]\n                 , \"Effect\":   \"Allow\"\n                 , \"Resource\": \"*\" } ] }\n",
                            "role": "quorum-raft.demo.ecrAccessor"
                        },
                        "meta": {},
                        "tainted": false
                    },
                    "deposed": [],
                    "provider": ""
                },
                "aws_instance.quorum_1": {
                    "type": "aws_instance",
                    "depends_on": [
                        "aws_iam_instance_profile.ecr_accessor",
                        "aws_security_group.quorum_instance",
                        "aws_security_group.rpc_sender",
                        "aws_security_group.ssh_open",
                        "aws_subnet.a",
                        "aws_subnet.a",
                        "data.aws_ami.ubuntu"
                    ],
                    "primary": {
                        "id": "i-077e06455fdb6188c",
                        "attributes": {
                            "ami": "ami-6edd3078",
                            "associate_public_ip_address": "true",
                            "availability_zone": "us-east-1b",
                            "disable_api_termination": "false",
                            "ebs_block_device.#": "0",
                            "ebs_optimized": "false",
                            "ephemeral_block_device.#": "0",
                            "iam_instance_profile": "quorum-raft.demo.ecrAccessor",
                            "id": "i-077e06455fdb6188c",
                            "instance_state": "running",
                            "instance_type": "m4.large",
                            "key_name": "ethereum-raft-demo",
                            "monitoring": "false",
                            "network_interface_id": "eni-2d91b8dd",
                            "private_dns": "ip-10-0-1-104.ec2.internal",
                            "private_ip": "10.0.1.104",
                            "public_dns": "ec2-54-165-242-102.compute-1.amazonaws.com",
                            "public_ip": "54.165.242.102",
                            "root_block_device.#": "1",
                            "root_block_device.0.delete_on_termination": "true",
                            "root_block_device.0.iops": "100",
                            "root_block_device.0.volume_size": "8",
                            "root_block_device.0.volume_type": "gp2",
                            "security_groups.#": "0",
                            "source_dest_check": "true",
                            "subnet_id": "subnet-c32153ee",
                            "tags.%": "3",
                            "tags.Environment": "demo",
                            "tags.Name": "quorum-raft demo quorum 1",
                            "tags.Project": "quorum-raft",
                            "tenancy": "default",
                            "vpc_security_group_ids.#": "3",
                            "vpc_security_group_ids.2537703885": "sg-cdc004b1",
                            "vpc_security_group_ids.3526165923": "sg-c9c004b5",
                            "vpc_security_group_ids.3830836843": "sg-d0c004ac"
                        },
                        "meta": {
                            "schema_version": "1"
                        },
                        "tainted": false
                    },
                    "deposed": [],
                    "provider": ""
                },
                "aws_instance.quorum_2": {
                    "type": "aws_instance",
                    "depends_on": [
                        "aws_iam_instance_profile.ecr_accessor",
                        "aws_security_group.quorum_instance",
                        "aws_security_group.ssh_open",
                        "aws_subnet.b",
                        "aws_subnet.b",
                        "data.aws_ami.ubuntu"
                    ],
                    "primary": {
                        "id": "i-05003ec9c2b6addda",
                        "attributes": {
                            "ami": "ami-6edd3078",
                            "associate_public_ip_address": "true",
                            "availability_zone": "us-east-1c",
                            "disable_api_termination": "false",
                            "ebs_block_device.#": "0",
                            "ebs_optimized": "false",
                            "ephemeral_block_device.#": "0",
                            "iam_instance_profile": "quorum-raft.demo.ecrAccessor",
                            "id": "i-05003ec9c2b6addda",
                            "instance_state": "running",
                            "instance_type": "m4.large",
                            "key_name": "ethereum-raft-demo",
                            "monitoring": "false",
                            "network_interface_id": "eni-a4cfe74a",
                            "private_dns": "ip-10-0-2-222.ec2.internal",
                            "private_ip": "10.0.2.222",
                            "public_dns": "ec2-54-145-225-99.compute-1.amazonaws.com",
                            "public_ip": "54.145.225.99",
                            "root_block_device.#": "1",
                            "root_block_device.0.delete_on_termination": "true",
                            "root_block_device.0.iops": "100",
                            "root_block_device.0.volume_size": "8",
                            "root_block_device.0.volume_type": "gp2",
                            "security_groups.#": "0",
                            "source_dest_check": "true",
                            "subnet_id": "subnet-6feccc26",
                            "tags.%": "3",
                            "tags.Environment": "demo",
                            "tags.Name": "quorum-raft demo quorum 2",
                            "tags.Project": "quorum-raft",
                            "tenancy": "default",
                            "vpc_security_group_ids.#": "2",
                            "vpc_security_group_ids.2537703885": "sg-cdc004b1",
                            "vpc_security_group_ids.3526165923": "sg-c9c004b5"
                        },
                        "meta": {
                            "schema_version": "1"
                        },
                        "tainted": false
                    },
                    "deposed": [],
                    "provider": ""
                },
                "aws_instance.quorum_3": {
                    "type": "aws_instance",
                    "depends_on": [
                        "aws_iam_instance_profile.ecr_accessor",
                        "aws_security_group.quorum_instance",
                        "aws_security_group.ssh_open",
                        "aws_subnet.c",
                        "aws_subnet.c",
                        "data.aws_ami.ubuntu"
                    ],
                    "primary": {
                        "id": "i-01532d2b3886c9e5f",
                        "attributes": {
                            "ami": "ami-6edd3078",
                            "associate_public_ip_address": "true",
                            "availability_zone": "us-east-1d",
                            "disable_api_termination": "false",
                            "ebs_block_device.#": "0",
                            "ebs_optimized": "false",
                            "ephemeral_block_device.#": "0",
                            "iam_instance_profile": "quorum-raft.demo.ecrAccessor",
                            "id": "i-01532d2b3886c9e5f",
                            "instance_state": "running",
                            "instance_type": "m4.large",
                            "key_name": "ethereum-raft-demo",
                            "monitoring": "false",
                            "network_interface_id": "eni-88bbe44a",
                            "private_dns": "ip-10-0-3-49.ec2.internal",
                            "private_ip": "10.0.3.49",
                            "public_dns": "ec2-54-198-5-39.compute-1.amazonaws.com",
                            "public_ip": "54.198.5.39",
                            "root_block_device.#": "1",
                            "root_block_device.0.delete_on_termination": "true",
                            "root_block_device.0.iops": "100",
                            "root_block_device.0.volume_size": "8",
                            "root_block_device.0.volume_type": "gp2",
                            "security_groups.#": "0",
                            "source_dest_check": "true",
                            "subnet_id": "subnet-8d4820d6",
                            "tags.%": "3",
                            "tags.Environment": "demo",
                            "tags.Name": "quorum-raft demo quorum 3",
                            "tags.Project": "quorum-raft",
                            "tenancy": "default",
                            "vpc_security_group_ids.#": "2",
                            "vpc_security_group_ids.2537703885": "sg-cdc004b1",
                            "vpc_security_group_ids.3526165923": "sg-c9c004b5"
                        },
                        "meta": {
                            "schema_version": "1"
                        },
                        "tainted": false
                    },
                    "deposed": [],
                    "provider": ""
                },
                "aws_internet_gateway.quorum_raft": {
                    "type": "aws_internet_gateway",
                    "depends_on": [
                        "aws_vpc.quorum_raft"
                    ],
                    "primary": {
                        "id": "igw-8aa5dced",
                        "attributes": {
                            "id": "igw-8aa5dced",
                            "tags.%": "3",
                            "tags.Environment": "demo",
                            "tags.Name": "quorum-raft demo internet gateway",
                            "tags.Project": "quorum-raft",
                            "vpc_id": "vpc-945ce2f2"
                        },
                        "meta": {},
                        "tainted": false
                    },
                    "deposed": [],
                    "provider": ""
                },
                "aws_route_table.quorum_raft": {
                    "type": "aws_route_table",
                    "depends_on": [
                        "aws_internet_gateway.quorum_raft",
                        "aws_vpc.quorum_raft"
                    ],
                    "primary": {
                        "id": "rtb-d10ffda8",
                        "attributes": {
                            "id": "rtb-d10ffda8",
                            "propagating_vgws.#": "0",
                            "route.#": "1",
                            "route.3817352366.cidr_block": "0.0.0.0/0",
                            "route.3817352366.gateway_id": "igw-8aa5dced",
                            "route.3817352366.instance_id": "",
                            "route.3817352366.nat_gateway_id": "",
                            "route.3817352366.network_interface_id": "",
                            "route.3817352366.vpc_peering_connection_id": "",
                            "tags.%": "3",
                            "tags.Environment": "demo",
                            "tags.Name": "quorum-raft demo route table",
                            "tags.Project": "quorum-raft",
                            "vpc_id": "vpc-945ce2f2"
                        },
                        "meta": {},
                        "tainted": false
                    },
                    "deposed": [],
                    "provider": ""
                },
                "aws_route_table_association.a": {
                    "type": "aws_route_table_association",
                    "depends_on": [
                        "aws_route_table.quorum_raft",
                        "aws_subnet.a"
                    ],
                    "primary": {
                        "id": "rtbassoc-efe13897",
                        "attributes": {
                            "id": "rtbassoc-efe13897",
                            "route_table_id": "rtb-d10ffda8",
                            "subnet_id": "subnet-c32153ee"
                        },
                        "meta": {},
                        "tainted": false
                    },
                    "deposed": [],
                    "provider": ""
                },
                "aws_route_table_association.b": {
                    "type": "aws_route_table_association",
                    "depends_on": [
                        "aws_route_table.quorum_raft",
                        "aws_subnet.b"
                    ],
                    "primary": {
                        "id": "rtbassoc-e0e13898",
                        "attributes": {
                            "id": "rtbassoc-e0e13898",
                            "route_table_id": "rtb-d10ffda8",
                            "subnet_id": "subnet-6feccc26"
                        },
                        "meta": {},
                        "tainted": false
                    },
                    "deposed": [],
                    "provider": ""
                },
                "aws_route_table_association.c": {
                    "type": "aws_route_table_association",
                    "depends_on": [
                        "aws_route_table.quorum_raft",
                        "aws_subnet.c"
                    ],
                    "primary": {
                        "id": "rtbassoc-eee13896",
                        "attributes": {
                            "id": "rtbassoc-eee13896",
                            "route_table_id": "rtb-d10ffda8",
                            "subnet_id": "subnet-8d4820d6"
                        },
                        "meta": {},
                        "tainted": false
                    },
                    "deposed": [],
                    "provider": ""
                },
                "aws_security_group.quorum_instance": {
                    "type": "aws_security_group",
                    "depends_on": [
                        "aws_security_group.rpc_sender",
                        "aws_vpc.quorum_raft"
                    ],
                    "primary": {
                        "id": "sg-c9c004b5",
                        "attributes": {
                            "description": "Allow eth p2p from other quorum nodes and RPC traffic from designated nodes",
                            "egress.#": "0",
                            "id": "sg-c9c004b5",
                            "ingress.#": "2",
                            "ingress.2193265872.cidr_blocks.#": "0",
                            "ingress.2193265872.from_port": "30400",
                            "ingress.2193265872.protocol": "tcp",
                            "ingress.2193265872.security_groups.#": "0",
                            "ingress.2193265872.self": "true",
                            "ingress.2193265872.to_port": "30900",
                            "ingress.4015620631.cidr_blocks.#": "0",
                            "ingress.4015620631.from_port": "40400",
                            "ingress.4015620631.protocol": "tcp",
                            "ingress.4015620631.security_groups.#": "1",
                            "ingress.4015620631.security_groups.3830836843": "sg-d0c004ac",
                            "ingress.4015620631.self": "false",
                            "ingress.4015620631.to_port": "40900",
                            "name": "quorum-raft demo quorum instance",
                            "owner_id": "128367567151",
                            "tags.%": "2",
                            "tags.Name": "quorum-raft demo quorum instance",
                            "tags.Project": "quorum-raft",
                            "vpc_id": "vpc-945ce2f2"
                        },
                        "meta": {},
                        "tainted": false
                    },
                    "deposed": [],
                    "provider": ""
                },
                "aws_security_group.rpc_sender": {
                    "type": "aws_security_group",
                    "depends_on": [
                        "aws_vpc.quorum_raft"
                    ],
                    "primary": {
                        "id": "sg-d0c004ac",
                        "attributes": {
                            "description": "Can send RPC traffic to quorum-raft quorum nodes",
                            "egress.#": "0",
                            "id": "sg-d0c004ac",
                            "ingress.#": "0",
                            "name": "quorum-raft demo rpc sender",
                            "owner_id": "128367567151",
                            "tags.%": "2",
                            "tags.Name": "quorum-raft demo rpc sender",
                            "tags.Project": "quorum-raft",
                            "vpc_id": "vpc-945ce2f2"
                        },
                        "meta": {},
                        "tainted": false
                    },
                    "deposed": [],
                    "provider": ""
                },
                "aws_security_group.ssh_open": {
                    "type": "aws_security_group",
                    "depends_on": [
                        "aws_vpc.quorum_raft"
                    ],
                    "primary": {
                        "id": "sg-cdc004b1",
                        "attributes": {
                            "description": "Allow ssh connections",
                            "egress.#": "0",
                            "id": "sg-cdc004b1",
                            "ingress.#": "1",
                            "ingress.2541437006.cidr_blocks.#": "1",
                            "ingress.2541437006.cidr_blocks.0": "0.0.0.0/0",
                            "ingress.2541437006.from_port": "22",
                            "ingress.2541437006.protocol": "tcp",
                            "ingress.2541437006.security_groups.#": "0",
                            "ingress.2541437006.self": "false",
                            "ingress.2541437006.to_port": "22",
                            "name": "quorum-raft demo ssh access",
                            "owner_id": "128367567151",
                            "tags.%": "2",
                            "tags.Name": "quorum-raft demo ssh access",
                            "tags.Project": "quorum-raft",
                            "vpc_id": "vpc-945ce2f2"
                        },
                        "meta": {},
                        "tainted": false
                    },
                    "deposed": [],
                    "provider": ""
                },
                "aws_subnet.a": {
                    "type": "aws_subnet",
                    "depends_on": [
                        "aws_vpc.quorum_raft"
                    ],
                    "primary": {
                        "id": "subnet-c32153ee",
                        "attributes": {
                            "availability_zone": "us-east-1b",
                            "cidr_block": "10.0.1.0/24",
                            "id": "subnet-c32153ee",
                            "map_public_ip_on_launch": "false",
                            "tags.%": "3",
                            "tags.Environment": "demo",
                            "tags.Name": "quorum-raft demo subnet A",
                            "tags.Project": "quorum-raft",
                            "vpc_id": "vpc-945ce2f2"
                        },
                        "meta": {},
                        "tainted": false
                    },
                    "deposed": [],
                    "provider": ""
                },
                "aws_subnet.b": {
                    "type": "aws_subnet",
                    "depends_on": [
                        "aws_vpc.quorum_raft"
                    ],
                    "primary": {
                        "id": "subnet-6feccc26",
                        "attributes": {
                            "availability_zone": "us-east-1c",
                            "cidr_block": "10.0.2.0/24",
                            "id": "subnet-6feccc26",
                            "map_public_ip_on_launch": "false",
                            "tags.%": "3",
                            "tags.Environment": "demo",
                            "tags.Name": "quorum-raft demo subnet B",
                            "tags.Project": "quorum-raft",
                            "vpc_id": "vpc-945ce2f2"
                        },
                        "meta": {},
                        "tainted": false
                    },
                    "deposed": [],
                    "provider": ""
                },
                "aws_subnet.c": {
                    "type": "aws_subnet",
                    "depends_on": [
                        "aws_vpc.quorum_raft"
                    ],
                    "primary": {
                        "id": "subnet-8d4820d6",
                        "attributes": {
                            "availability_zone": "us-east-1d",
                            "cidr_block": "10.0.3.0/24",
                            "id": "subnet-8d4820d6",
                            "map_public_ip_on_launch": "false",
                            "tags.%": "3",
                            "tags.Environment": "demo",
                            "tags.Name": "quorum-raft demo subnet C",
                            "tags.Project": "quorum-raft",
                            "vpc_id": "vpc-945ce2f2"
                        },
                        "meta": {},
                        "tainted": false
                    },
                    "deposed": [],
                    "provider": ""
                },
                "aws_vpc.quorum_raft": {
                    "type": "aws_vpc",
                    "depends_on": [],
                    "primary": {
                        "id": "vpc-945ce2f2",
                        "attributes": {
                            "cidr_block": "10.0.0.0/16",
                            "default_network_acl_id": "acl-8b7d3ced",
                            "default_route_table_id": "rtb-840efcfd",
                            "default_security_group_id": "sg-869450fa",
                            "dhcp_options_id": "dopt-10255f75",
                            "enable_classiclink": "false",
                            "enable_dns_hostnames": "true",
                            "enable_dns_support": "true",
                            "id": "vpc-945ce2f2",
                            "instance_tenancy": "default",
                            "main_route_table_id": "rtb-840efcfd",
                            "tags.%": "3",
                            "tags.Environment": "demo",
                            "tags.Name": "quorum-raft demo vpc",
                            "tags.Project": "quorum-raft"
                        },
                        "meta": {},
                        "tainted": false
                    },
                    "deposed": [],
                    "provider": ""
                },
                "data.aws_ami.ubuntu": {
                    "type": "aws_ami",
                    "depends_on": [],
                    "primary": {
                        "id": "ami-6edd3078",
                        "attributes": {
                            "architecture": "x86_64",
                            "block_device_mappings.#": "3",
                            "block_device_mappings.1634610537.device_name": "/dev/sdb",
                            "block_device_mappings.1634610537.ebs.%": "0",
                            "block_device_mappings.1634610537.no_device": "",
                            "block_device_mappings.1634610537.virtual_name": "ephemeral0",
                            "block_device_mappings.2547816212.device_name": "/dev/sda1",
                            "block_device_mappings.2547816212.ebs.%": "6",
                            "block_device_mappings.2547816212.ebs.delete_on_termination": "true",
                            "block_device_mappings.2547816212.ebs.encrypted": "false",
                            "block_device_mappings.2547816212.ebs.iops": "0",
                            "block_device_mappings.2547816212.ebs.snapshot_id": "snap-0a7be01f9503d7bee",
                            "block_device_mappings.2547816212.ebs.volume_size": "8",
                            "block_device_mappings.2547816212.ebs.volume_type": "gp2",
                            "block_device_mappings.2547816212.no_device": "",
                            "block_device_mappings.2547816212.virtual_name": "",
                            "block_device_mappings.3850042718.device_name": "/dev/sdc",
                            "block_device_mappings.3850042718.ebs.%": "0",
                            "block_device_mappings.3850042718.no_device": "",
                            "block_device_mappings.3850042718.virtual_name": "ephemeral1",
                            "creation_date": "2017-01-14T02:34:00.000Z",
                            "filter.#": "2",
                            "filter.1585153008.name": "name",
                            "filter.1585153008.values.#": "1",
                            "filter.1585153008.values.0": "ubuntu/images/hvm-ssd/ubuntu-xenial-16.04-amd64-server-*",
                            "filter.490168357.name": "virtualization-type",
                            "filter.490168357.values.#": "1",
                            "filter.490168357.values.0": "hvm",
                            "hypervisor": "xen",
                            "id": "ami-6edd3078",
                            "image_id": "ami-6edd3078",
                            "image_location": "099720109477/ubuntu/images/hvm-ssd/ubuntu-xenial-16.04-amd64-server-20170113",
                            "image_type": "machine",
                            "most_recent": "true",
                            "name": "ubuntu/images/hvm-ssd/ubuntu-xenial-16.04-amd64-server-20170113",
                            "owner_id": "099720109477",
                            "owners.#": "1",
                            "owners.0": "099720109477",
                            "product_codes.#": "0",
                            "public": "true",
                            "root_device_name": "/dev/sda1",
                            "root_device_type": "ebs",
                            "sriov_net_support": "simple",
                            "state": "available",
                            "state_reason.%": "2",
                            "state_reason.code": "UNSET",
                            "state_reason.message": "UNSET",
                            "tags.#": "0",
                            "virtualization_type": "hvm"
                        },
                        "meta": {},
                        "tainted": false
                    },
                    "deposed": [],
                    "provider": ""
                }
            },
            "depends_on": []
        }
    ]
}
