{
    "version": 3,
    "terraform_version": "0.8.5",
    "serial": 9,
    "lineage": "84549cae-62e0-474d-b4a9-938499b3ea02",
    "modules": [
        {
            "path": [
                "root"
            ],
            "outputs": {
                "environment": {
                    "sensitive": false,
                    "type": "string",
                    "value": "demo"
                },
                "geth1": {
                    "sensitive": false,
                    "type": "string",
                    "value": "54.152.51.226"
                },
                "geth2": {
                    "sensitive": false,
                    "type": "string",
                    "value": "54.221.20.123"
                },
                "geth3": {
                    "sensitive": false,
                    "type": "string",
                    "value": "52.55.109.98"
                },
                "quorum-azs": {
                    "sensitive": false,
                    "type": "list",
                    "value": [
                        "us-east-1b",
                        "us-east-1c",
                        "us-east-1d"
                    ]
                },
                "quorum-private-ips": {
                    "sensitive": false,
                    "type": "list",
                    "value": [
                        "10.0.1.101",
                        "10.0.2.101",
                        "10.0.3.101"
                    ]
                },
                "quorum-public-ips": {
                    "sensitive": false,
                    "type": "list",
                    "value": [
                        "54.152.51.226",
                        "54.221.20.123",
                        "52.55.109.98"
                    ]
                }
            },
            "resources": {
                "aws_iam_instance_profile.ecr_accessor": {
                    "type": "aws_iam_instance_profile",
                    "depends_on": [
                        "aws_iam_role.ecr_accessor"
                    ],
                    "primary": {
                        "id": "quorum-raft.demo.ecrAccessor",
                        "attributes": {
                            "arn": "arn:aws:iam::128367567151:instance-profile/quorum-raft.demo.ecrAccessor",
                            "id": "quorum-raft.demo.ecrAccessor",
                            "name": "quorum-raft.demo.ecrAccessor",
                            "path": "/",
                            "roles.#": "1",
                            "roles.3054418326": "quorum-raft.demo.ecrAccessor"
                        },
                        "meta": {},
                        "tainted": false
                    },
                    "deposed": [],
                    "provider": ""
                },
                "aws_iam_role.ecr_accessor": {
                    "type": "aws_iam_role",
                    "depends_on": [],
                    "primary": {
                        "id": "quorum-raft.demo.ecrAccessor",
                        "attributes": {
                            "arn": "arn:aws:iam::128367567151:role/quorum-raft.demo.ecrAccessor",
                            "assume_role_policy": "{ \"Version\":   \"2012-10-17\"\n, \"Statement\": [ { \"Effect\":    \"Allow\"\n                 , \"Principal\": { \"Service\": \"ec2.amazonaws.com\" }\n                 , \"Action\":    \"sts:AssumeRole\" } ] }\n",
                            "create_date": "2017-02-14T18:32:52Z",
                            "id": "quorum-raft.demo.ecrAccessor",
                            "name": "quorum-raft.demo.ecrAccessor",
                            "path": "/",
                            "unique_id": "AROAJNYSJUXXN5NKE75OA"
                        },
                        "meta": {},
                        "tainted": false
                    },
                    "deposed": [],
                    "provider": ""
                },
                "aws_iam_role_policy.ecr_accessor": {
                    "type": "aws_iam_role_policy",
                    "depends_on": [
                        "aws_iam_role.ecr_accessor"
                    ],
                    "primary": {
                        "id": "quorum-raft.demo.ecrAccessor:quorum-raft.demo.ecrAccessor",
                        "attributes": {
                            "id": "quorum-raft.demo.ecrAccessor:quorum-raft.demo.ecrAccessor",
                            "name": "quorum-raft.demo.ecrAccessor",
                            "policy": "{ \"Version\":   \"2012-10-17\"\n, \"Statement\": [ { \"Action\":   [ \"ecr:GetAuthorizationToken\"\n                               , \"ecr:BatchCheckLayerAvailability\"\n                               , \"ecr:GetDownloadUrlForLayer\"\n                               , \"ecr:BatchGetImage\"\n                               ]\n                 , \"Effect\":   \"Allow\"\n                 , \"Resource\": \"*\" } ] }\n",
                            "role": "quorum-raft.demo.ecrAccessor"
                        },
                        "meta": {},
                        "tainted": false
                    },
                    "deposed": [],
                    "provider": ""
                },
                "aws_instance.quorum.0": {
                    "type": "aws_instance",
                    "depends_on": [
                        "aws_iam_instance_profile.ecr_accessor",
                        "aws_security_group.quorum_instance",
                        "aws_security_group.rpc_sender",
                        "aws_security_group.ssh_open",
                        "aws_subnet.subnet",
                        "aws_subnet.subnet",
                        "aws_subnet.subnet",
                        "data.aws_ami.ubuntu",
                        "null_resource.cluster_datadirs"
                    ],
                    "primary": {
                        "id": "i-07594ae3e7b0cb72b",
                        "attributes": {
                            "ami": "ami-f0768de6",
                            "associate_public_ip_address": "true",
                            "availability_zone": "us-east-1b",
                            "disable_api_termination": "false",
                            "ebs_block_device.#": "0",
                            "ebs_optimized": "false",
                            "ephemeral_block_device.#": "0",
                            "iam_instance_profile": "quorum-raft.demo.ecrAccessor",
                            "id": "i-07594ae3e7b0cb72b",
                            "instance_state": "running",
                            "instance_type": "m4.large",
                            "key_name": "ethereum-raft-demo",
                            "monitoring": "false",
                            "network_interface_id": "eni-d0bf3d22",
                            "private_dns": "ip-10-0-1-101.ec2.internal",
                            "private_ip": "10.0.1.101",
                            "public_dns": "ec2-54-152-51-226.compute-1.amazonaws.com",
                            "public_ip": "54.152.51.226",
                            "root_block_device.#": "1",
                            "root_block_device.0.delete_on_termination": "true",
                            "root_block_device.0.iops": "150",
                            "root_block_device.0.volume_size": "50",
                            "root_block_device.0.volume_type": "gp2",
                            "security_groups.#": "0",
                            "source_dest_check": "true",
                            "subnet_id": "subnet-2ea7fe03",
                            "tags.%": "4",
                            "tags.Environment": "demo",
                            "tags.Name": "quorum-raft demo quorum 1",
                            "tags.Project": "quorum-raft",
                            "tags.Terraformed": "true",
                            "tenancy": "default",
                            "vpc_security_group_ids.#": "3",
                            "vpc_security_group_ids.3282371827": "sg-824003fe",
                            "vpc_security_group_ids.3887857527": "sg-7b470407",
                            "vpc_security_group_ids.4242235133": "sg-834003ff"
                        },
                        "meta": {
                            "schema_version": "1"
                        },
                        "tainted": false
                    },
                    "deposed": [],
                    "provider": ""
                },
                "aws_instance.quorum.1": {
                    "type": "aws_instance",
                    "depends_on": [
                        "aws_iam_instance_profile.ecr_accessor",
                        "aws_security_group.quorum_instance",
                        "aws_security_group.rpc_sender",
                        "aws_security_group.ssh_open",
                        "aws_subnet.subnet",
                        "aws_subnet.subnet",
                        "aws_subnet.subnet",
                        "data.aws_ami.ubuntu",
                        "null_resource.cluster_datadirs"
                    ],
                    "primary": {
                        "id": "i-0c9a3820a654624d8",
                        "attributes": {
                            "ami": "ami-f0768de6",
                            "associate_public_ip_address": "true",
                            "availability_zone": "us-east-1c",
                            "disable_api_termination": "false",
                            "ebs_block_device.#": "0",
                            "ebs_optimized": "false",
                            "ephemeral_block_device.#": "0",
                            "iam_instance_profile": "quorum-raft.demo.ecrAccessor",
                            "id": "i-0c9a3820a654624d8",
                            "instance_state": "running",
                            "instance_type": "m4.large",
                            "key_name": "ethereum-raft-demo",
                            "monitoring": "false",
                            "network_interface_id": "eni-1ac07cfa",
                            "private_dns": "ip-10-0-2-101.ec2.internal",
                            "private_ip": "10.0.2.101",
                            "public_dns": "ec2-54-221-20-123.compute-1.amazonaws.com",
                            "public_ip": "54.221.20.123",
                            "root_block_device.#": "1",
                            "root_block_device.0.delete_on_termination": "true",
                            "root_block_device.0.iops": "150",
                            "root_block_device.0.volume_size": "50",
                            "root_block_device.0.volume_type": "gp2",
                            "security_groups.#": "0",
                            "source_dest_check": "true",
                            "subnet_id": "subnet-3a4d4473",
                            "tags.%": "4",
                            "tags.Environment": "demo",
                            "tags.Name": "quorum-raft demo quorum 2",
                            "tags.Project": "quorum-raft",
                            "tags.Terraformed": "true",
                            "tenancy": "default",
                            "vpc_security_group_ids.#": "3",
                            "vpc_security_group_ids.3282371827": "sg-824003fe",
                            "vpc_security_group_ids.3887857527": "sg-7b470407",
                            "vpc_security_group_ids.4242235133": "sg-834003ff"
                        },
                        "meta": {
                            "schema_version": "1"
                        },
                        "tainted": false
                    },
                    "deposed": [],
                    "provider": ""
                },
                "aws_instance.quorum.2": {
                    "type": "aws_instance",
                    "depends_on": [
                        "aws_iam_instance_profile.ecr_accessor",
                        "aws_security_group.quorum_instance",
                        "aws_security_group.rpc_sender",
                        "aws_security_group.ssh_open",
                        "aws_subnet.subnet",
                        "aws_subnet.subnet",
                        "aws_subnet.subnet",
                        "data.aws_ami.ubuntu",
                        "null_resource.cluster_datadirs"
                    ],
                    "primary": {
                        "id": "i-0a7d7f339591b2c66",
                        "attributes": {
                            "ami": "ami-f0768de6",
                            "associate_public_ip_address": "true",
                            "availability_zone": "us-east-1d",
                            "disable_api_termination": "false",
                            "ebs_block_device.#": "0",
                            "ebs_optimized": "false",
                            "ephemeral_block_device.#": "0",
                            "iam_instance_profile": "quorum-raft.demo.ecrAccessor",
                            "id": "i-0a7d7f339591b2c66",
                            "instance_state": "running",
                            "instance_type": "m4.large",
                            "key_name": "ethereum-raft-demo",
                            "monitoring": "false",
                            "network_interface_id": "eni-1079eed4",
                            "private_dns": "ip-10-0-3-101.ec2.internal",
                            "private_ip": "10.0.3.101",
                            "public_dns": "ec2-52-55-109-98.compute-1.amazonaws.com",
                            "public_ip": "52.55.109.98",
                            "root_block_device.#": "1",
                            "root_block_device.0.delete_on_termination": "true",
                            "root_block_device.0.iops": "150",
                            "root_block_device.0.volume_size": "50",
                            "root_block_device.0.volume_type": "gp2",
                            "security_groups.#": "0",
                            "source_dest_check": "true",
                            "subnet_id": "subnet-c6e0b49d",
                            "tags.%": "4",
                            "tags.Environment": "demo",
                            "tags.Name": "quorum-raft demo quorum 3",
                            "tags.Project": "quorum-raft",
                            "tags.Terraformed": "true",
                            "tenancy": "default",
                            "vpc_security_group_ids.#": "3",
                            "vpc_security_group_ids.3282371827": "sg-824003fe",
                            "vpc_security_group_ids.3887857527": "sg-7b470407",
                            "vpc_security_group_ids.4242235133": "sg-834003ff"
                        },
                        "meta": {
                            "schema_version": "1"
                        },
                        "tainted": false
                    },
                    "deposed": [],
                    "provider": ""
                },
                "aws_internet_gateway.quorum_raft": {
                    "type": "aws_internet_gateway",
                    "depends_on": [
                        "aws_vpc.quorum_raft"
                    ],
                    "primary": {
                        "id": "igw-be90b2d9",
                        "attributes": {
                            "id": "igw-be90b2d9",
                            "tags.%": "4",
                            "tags.Environment": "demo",
                            "tags.Name": "quorum-raft demo internet gateway",
                            "tags.Project": "quorum-raft",
                            "tags.Terraformed": "true",
                            "vpc_id": "vpc-c696f9a0"
                        },
                        "meta": {},
                        "tainted": false
                    },
                    "deposed": [],
                    "provider": ""
                },
                "aws_route_table.quorum_raft": {
                    "type": "aws_route_table",
                    "depends_on": [
                        "aws_internet_gateway.quorum_raft",
                        "aws_vpc.quorum_raft"
                    ],
                    "primary": {
                        "id": "rtb-e7d0659e",
                        "attributes": {
                            "id": "rtb-e7d0659e",
                            "propagating_vgws.#": "0",
                            "route.#": "1",
                            "route.201206764.cidr_block": "0.0.0.0/0",
                            "route.201206764.gateway_id": "igw-be90b2d9",
                            "route.201206764.instance_id": "",
                            "route.201206764.nat_gateway_id": "",
                            "route.201206764.network_interface_id": "",
                            "route.201206764.vpc_peering_connection_id": "",
                            "tags.%": "4",
                            "tags.Environment": "demo",
                            "tags.Name": "quorum-raft demo route table",
                            "tags.Project": "quorum-raft",
                            "tags.Terraformed": "true",
                            "vpc_id": "vpc-c696f9a0"
                        },
                        "meta": {},
                        "tainted": false
                    },
                    "deposed": [],
                    "provider": ""
                },
                "aws_route_table_association.rta.0": {
                    "type": "aws_route_table_association",
                    "depends_on": [
                        "aws_route_table.quorum_raft",
                        "aws_subnet.subnet"
                    ],
                    "primary": {
                        "id": "rtbassoc-14b8dc6c",
                        "attributes": {
                            "id": "rtbassoc-14b8dc6c",
                            "route_table_id": "rtb-e7d0659e",
                            "subnet_id": "subnet-2ea7fe03"
                        },
                        "meta": {},
                        "tainted": false
                    },
                    "deposed": [],
                    "provider": ""
                },
                "aws_route_table_association.rta.1": {
                    "type": "aws_route_table_association",
                    "depends_on": [
                        "aws_route_table.quorum_raft",
                        "aws_subnet.subnet"
                    ],
                    "primary": {
                        "id": "rtbassoc-16b8dc6e",
                        "attributes": {
                            "id": "rtbassoc-16b8dc6e",
                            "route_table_id": "rtb-e7d0659e",
                            "subnet_id": "subnet-3a4d4473"
                        },
                        "meta": {},
                        "tainted": false
                    },
                    "deposed": [],
                    "provider": ""
                },
                "aws_route_table_association.rta.2": {
                    "type": "aws_route_table_association",
                    "depends_on": [
                        "aws_route_table.quorum_raft",
                        "aws_subnet.subnet"
                    ],
                    "primary": {
                        "id": "rtbassoc-15b8dc6d",
                        "attributes": {
                            "id": "rtbassoc-15b8dc6d",
                            "route_table_id": "rtb-e7d0659e",
                            "subnet_id": "subnet-c6e0b49d"
                        },
                        "meta": {},
                        "tainted": false
                    },
                    "deposed": [],
                    "provider": ""
                },
                "aws_security_group.quorum_instance": {
                    "type": "aws_security_group",
                    "depends_on": [
                        "aws_security_group.rpc_sender",
                        "aws_vpc.quorum_raft"
                    ],
                    "primary": {
                        "id": "sg-7b470407",
                        "attributes": {
                            "description": "Allow eth p2p from other quorum nodes and RPC traffic from designated nodes",
                            "egress.#": "1",
                            "egress.482069346.cidr_blocks.#": "1",
                            "egress.482069346.cidr_blocks.0": "0.0.0.0/0",
                            "egress.482069346.from_port": "0",
                            "egress.482069346.prefix_list_ids.#": "0",
                            "egress.482069346.protocol": "-1",
                            "egress.482069346.security_groups.#": "0",
                            "egress.482069346.self": "false",
                            "egress.482069346.to_port": "0",
                            "id": "sg-7b470407",
                            "ingress.#": "3",
                            "ingress.1451050468.cidr_blocks.#": "0",
                            "ingress.1451050468.from_port": "50400",
                            "ingress.1451050468.protocol": "tcp",
                            "ingress.1451050468.security_groups.#": "0",
                            "ingress.1451050468.self": "true",
                            "ingress.1451050468.to_port": "50900",
                            "ingress.2193265872.cidr_blocks.#": "0",
                            "ingress.2193265872.from_port": "30400",
                            "ingress.2193265872.protocol": "tcp",
                            "ingress.2193265872.security_groups.#": "0",
                            "ingress.2193265872.self": "true",
                            "ingress.2193265872.to_port": "30900",
                            "ingress.4130159318.cidr_blocks.#": "0",
                            "ingress.4130159318.from_port": "40400",
                            "ingress.4130159318.protocol": "tcp",
                            "ingress.4130159318.security_groups.#": "1",
                            "ingress.4130159318.security_groups.4242235133": "sg-834003ff",
                            "ingress.4130159318.self": "false",
                            "ingress.4130159318.to_port": "40900",
                            "name": "quorum-raft demo quorum instance",
                            "owner_id": "128367567151",
                            "tags.%": "4",
                            "tags.Environment": "demo",
                            "tags.Name": "quorum-raft demo quorum instance",
                            "tags.Project": "quorum-raft",
                            "tags.Terraformed": "true",
                            "vpc_id": "vpc-c696f9a0"
                        },
                        "meta": {},
                        "tainted": false
                    },
                    "deposed": [],
                    "provider": ""
                },
                "aws_security_group.rpc_sender": {
                    "type": "aws_security_group",
                    "depends_on": [
                        "aws_vpc.quorum_raft"
                    ],
                    "primary": {
                        "id": "sg-834003ff",
                        "attributes": {
                            "description": "Can send RPC traffic to quorum-raft quorum nodes",
                            "egress.#": "0",
                            "id": "sg-834003ff",
                            "ingress.#": "0",
                            "name": "quorum-raft demo rpc sender",
                            "owner_id": "128367567151",
                            "tags.%": "4",
                            "tags.Environment": "demo",
                            "tags.Name": "quorum-raft demo rpc sender",
                            "tags.Project": "quorum-raft",
                            "tags.Terraformed": "true",
                            "vpc_id": "vpc-c696f9a0"
                        },
                        "meta": {},
                        "tainted": false
                    },
                    "deposed": [],
                    "provider": ""
                },
                "aws_security_group.ssh_open": {
                    "type": "aws_security_group",
                    "depends_on": [
                        "aws_vpc.quorum_raft"
                    ],
                    "primary": {
                        "id": "sg-824003fe",
                        "attributes": {
                            "description": "Allow ssh connections",
                            "egress.#": "0",
                            "id": "sg-824003fe",
                            "ingress.#": "1",
                            "ingress.2541437006.cidr_blocks.#": "1",
                            "ingress.2541437006.cidr_blocks.0": "0.0.0.0/0",
                            "ingress.2541437006.from_port": "22",
                            "ingress.2541437006.protocol": "tcp",
                            "ingress.2541437006.security_groups.#": "0",
                            "ingress.2541437006.self": "false",
                            "ingress.2541437006.to_port": "22",
                            "name": "quorum-raft demo ssh access",
                            "owner_id": "128367567151",
                            "tags.%": "4",
                            "tags.Environment": "demo",
                            "tags.Name": "quorum-raft demo ssh access",
                            "tags.Project": "quorum-raft",
                            "tags.Terraformed": "true",
                            "vpc_id": "vpc-c696f9a0"
                        },
                        "meta": {},
                        "tainted": false
                    },
                    "deposed": [],
                    "provider": ""
                },
                "aws_subnet.subnet.0": {
                    "type": "aws_subnet",
                    "depends_on": [
                        "aws_vpc.quorum_raft"
                    ],
                    "primary": {
                        "id": "subnet-2ea7fe03",
                        "attributes": {
                            "availability_zone": "us-east-1b",
                            "cidr_block": "10.0.1.0/24",
                            "id": "subnet-2ea7fe03",
                            "map_public_ip_on_launch": "false",
                            "tags.%": "4",
                            "tags.Environment": "demo",
                            "tags.Name": "quorum-raft demo subnet 1",
                            "tags.Project": "quorum-raft",
                            "tags.Terraformed": "true",
                            "vpc_id": "vpc-c696f9a0"
                        },
                        "meta": {},
                        "tainted": false
                    },
                    "deposed": [],
                    "provider": ""
                },
                "aws_subnet.subnet.1": {
                    "type": "aws_subnet",
                    "depends_on": [
                        "aws_vpc.quorum_raft"
                    ],
                    "primary": {
                        "id": "subnet-3a4d4473",
                        "attributes": {
                            "availability_zone": "us-east-1c",
                            "cidr_block": "10.0.2.0/24",
                            "id": "subnet-3a4d4473",
                            "map_public_ip_on_launch": "false",
                            "tags.%": "4",
                            "tags.Environment": "demo",
                            "tags.Name": "quorum-raft demo subnet 2",
                            "tags.Project": "quorum-raft",
                            "tags.Terraformed": "true",
                            "vpc_id": "vpc-c696f9a0"
                        },
                        "meta": {},
                        "tainted": false
                    },
                    "deposed": [],
                    "provider": ""
                },
                "aws_subnet.subnet.2": {
                    "type": "aws_subnet",
                    "depends_on": [
                        "aws_vpc.quorum_raft"
                    ],
                    "primary": {
                        "id": "subnet-c6e0b49d",
                        "attributes": {
                            "availability_zone": "us-east-1d",
                            "cidr_block": "10.0.3.0/24",
                            "id": "subnet-c6e0b49d",
                            "map_public_ip_on_launch": "false",
                            "tags.%": "4",
                            "tags.Environment": "demo",
                            "tags.Name": "quorum-raft demo subnet 3",
                            "tags.Project": "quorum-raft",
                            "tags.Terraformed": "true",
                            "vpc_id": "vpc-c696f9a0"
                        },
                        "meta": {},
                        "tainted": false
                    },
                    "deposed": [],
                    "provider": ""
                },
                "aws_vpc.quorum_raft": {
                    "type": "aws_vpc",
                    "depends_on": [],
                    "primary": {
                        "id": "vpc-c696f9a0",
                        "attributes": {
                            "cidr_block": "10.0.0.0/16",
                            "default_network_acl_id": "acl-bfae93d9",
                            "default_route_table_id": "rtb-e8d06591",
                            "default_security_group_id": "sg-944003e8",
                            "dhcp_options_id": "dopt-10255f75",
                            "enable_classiclink": "false",
                            "enable_dns_hostnames": "true",
                            "enable_dns_support": "true",
                            "id": "vpc-c696f9a0",
                            "instance_tenancy": "default",
                            "main_route_table_id": "rtb-e8d06591",
                            "tags.%": "4",
                            "tags.Environment": "demo",
                            "tags.Name": "quorum-raft demo vpc",
                            "tags.Project": "quorum-raft",
                            "tags.Terraformed": "true"
                        },
                        "meta": {},
                        "tainted": false
                    },
                    "deposed": [],
                    "provider": ""
                },
                "data.aws_ami.ubuntu": {
                    "type": "aws_ami",
                    "depends_on": [],
                    "primary": {
                        "id": "ami-f0768de6",
                        "attributes": {
                            "architecture": "x86_64",
                            "block_device_mappings.#": "3",
                            "block_device_mappings.1634610537.device_name": "/dev/sdb",
                            "block_device_mappings.1634610537.ebs.%": "0",
                            "block_device_mappings.1634610537.no_device": "",
                            "block_device_mappings.1634610537.virtual_name": "ephemeral0",
                            "block_device_mappings.2547816212.device_name": "/dev/sda1",
                            "block_device_mappings.2547816212.ebs.%": "6",
                            "block_device_mappings.2547816212.ebs.delete_on_termination": "true",
                            "block_device_mappings.2547816212.ebs.encrypted": "false",
                            "block_device_mappings.2547816212.ebs.iops": "0",
                            "block_device_mappings.2547816212.ebs.snapshot_id": "snap-0d00c7efb1a6db1ee",
                            "block_device_mappings.2547816212.ebs.volume_size": "8",
                            "block_device_mappings.2547816212.ebs.volume_type": "gp2",
                            "block_device_mappings.2547816212.no_device": "",
                            "block_device_mappings.2547816212.virtual_name": "",
                            "block_device_mappings.3850042718.device_name": "/dev/sdc",
                            "block_device_mappings.3850042718.ebs.%": "0",
                            "block_device_mappings.3850042718.no_device": "",
                            "block_device_mappings.3850042718.virtual_name": "ephemeral1",
                            "creation_date": "2017-02-03T10:30:34.000Z",
                            "filter.#": "2",
                            "filter.1585153008.name": "name",
                            "filter.1585153008.values.#": "1",
                            "filter.1585153008.values.0": "ubuntu/images/hvm-ssd/ubuntu-xenial-16.04-amd64-server-*",
                            "filter.490168357.name": "virtualization-type",
                            "filter.490168357.values.#": "1",
                            "filter.490168357.values.0": "hvm",
                            "hypervisor": "xen",
                            "id": "ami-f0768de6",
                            "image_id": "ami-f0768de6",
                            "image_location": "099720109477/ubuntu/images/hvm-ssd/ubuntu-xenial-16.04-amd64-server-20170202",
                            "image_type": "machine",
                            "most_recent": "true",
                            "name": "ubuntu/images/hvm-ssd/ubuntu-xenial-16.04-amd64-server-20170202",
                            "owner_id": "099720109477",
                            "owners.#": "1",
                            "owners.0": "099720109477",
                            "product_codes.#": "0",
                            "public": "true",
                            "root_device_name": "/dev/sda1",
                            "root_device_type": "ebs",
                            "sriov_net_support": "simple",
                            "state": "available",
                            "state_reason.%": "2",
                            "state_reason.code": "UNSET",
                            "state_reason.message": "UNSET",
                            "tags.#": "0",
                            "virtualization_type": "hvm"
                        },
                        "meta": {},
                        "tainted": false
                    },
                    "deposed": [],
                    "provider": ""
                },
                "null_resource.cluster_datadirs": {
                    "type": "null_resource",
                    "depends_on": [],
                    "primary": {
                        "id": "6151520135536047174",
                        "attributes": {
                            "id": "6151520135536047174",
                            "triggers.%": "3",
                            "triggers.local_datadir_root": "cluster-data",
                            "triggers.num_instances": "3",
                            "triggers.subnet_azs": "us-east-1b,us-east-1c,us-east-1d"
                        },
                        "meta": {},
                        "tainted": false
                    },
                    "deposed": [],
                    "provider": ""
                }
            },
            "depends_on": []
        }
    ]
}
