{
    "version": 3,
    "terraform_version": "0.8.5",
    "serial": 46,
    "lineage": "84549cae-62e0-474d-b4a9-938499b3ea02",
    "modules": [
        {
            "path": [
                "root"
            ],
            "outputs": {
                "aws-region": {
                    "sensitive": false,
                    "type": "string",
                    "value": "us-east-1"
                },
                "environment": {
                    "sensitive": false,
                    "type": "string",
                    "value": "demo"
                },
                "geth1": {
                    "sensitive": false,
                    "type": "string",
                    "value": "54.89.138.215"
                },
                "geth2": {
                    "sensitive": false,
                    "type": "string",
                    "value": "184.72.138.100"
                },
                "geth3": {
                    "sensitive": false,
                    "type": "string",
                    "value": "54.90.184.35"
                },
                "multi-region-cluster": {
                    "sensitive": false,
                    "type": "string",
                    "value": "0"
                },
                "quorum-azs": {
                    "sensitive": false,
                    "type": "list",
                    "value": [
                        "us-east-1b",
                        "us-east-1c",
                        "us-east-1d"
                    ]
                },
                "quorum-private-ips": {
                    "sensitive": false,
                    "type": "list",
                    "value": [
                        "10.0.1.101",
                        "10.0.2.101",
                        "10.0.3.101"
                    ]
                }
            },
            "resources": {
                "aws_instance.quorum.0": {
                    "type": "aws_instance",
                    "depends_on": [
                        "aws_security_group.quorum_instance",
                        "aws_security_group.rpc_sender",
                        "aws_security_group.ssh_open",
                        "aws_subnet.subnet",
                        "aws_subnet.subnet",
                        "aws_subnet.subnet",
                        "data.aws_ami.ubuntu",
                        "null_resource.cluster_datadirs"
                    ],
                    "primary": {
                        "id": "i-0cdd6f2b9ca7ec49c",
                        "attributes": {
                            "ami": "ami-f4cc1de2",
                            "associate_public_ip_address": "true",
                            "availability_zone": "us-east-1b",
                            "disable_api_termination": "false",
                            "ebs_block_device.#": "0",
                            "ebs_optimized": "false",
                            "ephemeral_block_device.#": "0",
                            "iam_instance_profile": "quorum-raft.global.ecrAccessor",
                            "id": "i-0cdd6f2b9ca7ec49c",
                            "instance_state": "running",
                            "instance_type": "m4.large",
                            "key_name": "ethereum-raft-demo",
                            "monitoring": "false",
                            "network_interface_id": "eni-51b5b7a3",
                            "private_dns": "ip-10-0-1-101.ec2.internal",
                            "private_ip": "10.0.1.101",
                            "public_dns": "ec2-54-89-138-215.compute-1.amazonaws.com",
                            "public_ip": "54.89.138.215",
                            "root_block_device.#": "1",
                            "root_block_device.0.delete_on_termination": "true",
                            "root_block_device.0.iops": "150",
                            "root_block_device.0.volume_size": "50",
                            "root_block_device.0.volume_type": "gp2",
                            "security_groups.#": "0",
                            "source_dest_check": "true",
                            "subnet_id": "subnet-922c0ebf",
                            "tags.%": "4",
                            "tags.Environment": "demo",
                            "tags.Name": "quorum-raft demo quorum 1",
                            "tags.Project": "quorum-raft",
                            "tags.Terraformed": "true",
                            "tenancy": "default",
                            "vpc_security_group_ids.#": "3",
                            "vpc_security_group_ids.3387268352": "sg-a5484fd9",
                            "vpc_security_group_ids.3517815657": "sg-b0484fcc",
                            "vpc_security_group_ids.3921544574": "sg-b1484fcd"
                        },
                        "meta": {
                            "schema_version": "1"
                        },
                        "tainted": false
                    },
                    "deposed": [],
                    "provider": ""
                },
                "aws_instance.quorum.1": {
                    "type": "aws_instance",
                    "depends_on": [
                        "aws_security_group.quorum_instance",
                        "aws_security_group.rpc_sender",
                        "aws_security_group.ssh_open",
                        "aws_subnet.subnet",
                        "aws_subnet.subnet",
                        "aws_subnet.subnet",
                        "data.aws_ami.ubuntu",
                        "null_resource.cluster_datadirs"
                    ],
                    "primary": {
                        "id": "i-08bf41730d66df302",
                        "attributes": {
                            "ami": "ami-f4cc1de2",
                            "associate_public_ip_address": "true",
                            "availability_zone": "us-east-1c",
                            "disable_api_termination": "false",
                            "ebs_block_device.#": "0",
                            "ebs_optimized": "false",
                            "ephemeral_block_device.#": "0",
                            "iam_instance_profile": "quorum-raft.global.ecrAccessor",
                            "id": "i-08bf41730d66df302",
                            "instance_state": "running",
                            "instance_type": "m4.large",
                            "key_name": "ethereum-raft-demo",
                            "monitoring": "false",
                            "network_interface_id": "eni-b6e2d956",
                            "private_dns": "ip-10-0-2-101.ec2.internal",
                            "private_ip": "10.0.2.101",
                            "public_dns": "ec2-184-72-138-100.compute-1.amazonaws.com",
                            "public_ip": "184.72.138.100",
                            "root_block_device.#": "1",
                            "root_block_device.0.delete_on_termination": "true",
                            "root_block_device.0.iops": "150",
                            "root_block_device.0.volume_size": "50",
                            "root_block_device.0.volume_type": "gp2",
                            "security_groups.#": "0",
                            "source_dest_check": "true",
                            "subnet_id": "subnet-039a894a",
                            "tags.%": "4",
                            "tags.Environment": "demo",
                            "tags.Name": "quorum-raft demo quorum 2",
                            "tags.Project": "quorum-raft",
                            "tags.Terraformed": "true",
                            "tenancy": "default",
                            "vpc_security_group_ids.#": "3",
                            "vpc_security_group_ids.3387268352": "sg-a5484fd9",
                            "vpc_security_group_ids.3517815657": "sg-b0484fcc",
                            "vpc_security_group_ids.3921544574": "sg-b1484fcd"
                        },
                        "meta": {
                            "schema_version": "1"
                        },
                        "tainted": false
                    },
                    "deposed": [],
                    "provider": ""
                },
                "aws_instance.quorum.2": {
                    "type": "aws_instance",
                    "depends_on": [
                        "aws_security_group.quorum_instance",
                        "aws_security_group.rpc_sender",
                        "aws_security_group.ssh_open",
                        "aws_subnet.subnet",
                        "aws_subnet.subnet",
                        "aws_subnet.subnet",
                        "data.aws_ami.ubuntu",
                        "null_resource.cluster_datadirs"
                    ],
                    "primary": {
                        "id": "i-0e84895d786162b78",
                        "attributes": {
                            "ami": "ami-f4cc1de2",
                            "associate_public_ip_address": "true",
                            "availability_zone": "us-east-1d",
                            "disable_api_termination": "false",
                            "ebs_block_device.#": "0",
                            "ebs_optimized": "false",
                            "ephemeral_block_device.#": "0",
                            "iam_instance_profile": "quorum-raft.global.ecrAccessor",
                            "id": "i-0e84895d786162b78",
                            "instance_state": "running",
                            "instance_type": "m4.large",
                            "key_name": "ethereum-raft-demo",
                            "monitoring": "false",
                            "network_interface_id": "eni-305a40f4",
                            "private_dns": "ip-10-0-3-101.ec2.internal",
                            "private_ip": "10.0.3.101",
                            "public_dns": "ec2-54-90-184-35.compute-1.amazonaws.com",
                            "public_ip": "54.90.184.35",
                            "root_block_device.#": "1",
                            "root_block_device.0.delete_on_termination": "true",
                            "root_block_device.0.iops": "150",
                            "root_block_device.0.volume_size": "50",
                            "root_block_device.0.volume_type": "gp2",
                            "security_groups.#": "0",
                            "source_dest_check": "true",
                            "subnet_id": "subnet-045c055f",
                            "tags.%": "4",
                            "tags.Environment": "demo",
                            "tags.Name": "quorum-raft demo quorum 3",
                            "tags.Project": "quorum-raft",
                            "tags.Terraformed": "true",
                            "tenancy": "default",
                            "vpc_security_group_ids.#": "3",
                            "vpc_security_group_ids.3387268352": "sg-a5484fd9",
                            "vpc_security_group_ids.3517815657": "sg-b0484fcc",
                            "vpc_security_group_ids.3921544574": "sg-b1484fcd"
                        },
                        "meta": {
                            "schema_version": "1"
                        },
                        "tainted": false
                    },
                    "deposed": [],
                    "provider": ""
                },
                "aws_internet_gateway.quorum_raft": {
                    "type": "aws_internet_gateway",
                    "depends_on": [
                        "aws_vpc.quorum_raft"
                    ],
                    "primary": {
                        "id": "igw-88eedfef",
                        "attributes": {
                            "id": "igw-88eedfef",
                            "tags.%": "4",
                            "tags.Environment": "demo",
                            "tags.Name": "quorum-raft demo internet gateway",
                            "tags.Project": "quorum-raft",
                            "tags.Terraformed": "true",
                            "vpc_id": "vpc-ef344989"
                        },
                        "meta": {},
                        "tainted": false
                    },
                    "deposed": [],
                    "provider": ""
                },
                "aws_route_table.quorum_raft": {
                    "type": "aws_route_table",
                    "depends_on": [
                        "aws_internet_gateway.quorum_raft",
                        "aws_vpc.quorum_raft"
                    ],
                    "primary": {
                        "id": "rtb-07981d7e",
                        "attributes": {
                            "id": "rtb-07981d7e",
                            "propagating_vgws.#": "0",
                            "route.#": "1",
                            "route.1321146006.cidr_block": "0.0.0.0/0",
                            "route.1321146006.gateway_id": "igw-88eedfef",
                            "route.1321146006.instance_id": "",
                            "route.1321146006.nat_gateway_id": "",
                            "route.1321146006.network_interface_id": "",
                            "route.1321146006.vpc_peering_connection_id": "",
                            "tags.%": "4",
                            "tags.Environment": "demo",
                            "tags.Name": "quorum-raft demo route table",
                            "tags.Project": "quorum-raft",
                            "tags.Terraformed": "true",
                            "vpc_id": "vpc-ef344989"
                        },
                        "meta": {},
                        "tainted": false
                    },
                    "deposed": [],
                    "provider": ""
                },
                "aws_route_table_association.rta.0": {
                    "type": "aws_route_table_association",
                    "depends_on": [
                        "aws_route_table.quorum_raft",
                        "aws_subnet.subnet"
                    ],
                    "primary": {
                        "id": "rtbassoc-48e3ad30",
                        "attributes": {
                            "id": "rtbassoc-48e3ad30",
                            "route_table_id": "rtb-07981d7e",
                            "subnet_id": "subnet-922c0ebf"
                        },
                        "meta": {},
                        "tainted": false
                    },
                    "deposed": [],
                    "provider": ""
                },
                "aws_route_table_association.rta.1": {
                    "type": "aws_route_table_association",
                    "depends_on": [
                        "aws_route_table.quorum_raft",
                        "aws_subnet.subnet"
                    ],
                    "primary": {
                        "id": "rtbassoc-4ae3ad32",
                        "attributes": {
                            "id": "rtbassoc-4ae3ad32",
                            "route_table_id": "rtb-07981d7e",
                            "subnet_id": "subnet-039a894a"
                        },
                        "meta": {},
                        "tainted": false
                    },
                    "deposed": [],
                    "provider": ""
                },
                "aws_route_table_association.rta.2": {
                    "type": "aws_route_table_association",
                    "depends_on": [
                        "aws_route_table.quorum_raft",
                        "aws_subnet.subnet"
                    ],
                    "primary": {
                        "id": "rtbassoc-49e3ad31",
                        "attributes": {
                            "id": "rtbassoc-49e3ad31",
                            "route_table_id": "rtb-07981d7e",
                            "subnet_id": "subnet-045c055f"
                        },
                        "meta": {},
                        "tainted": false
                    },
                    "deposed": [],
                    "provider": ""
                },
                "aws_security_group.quorum_instance": {
                    "type": "aws_security_group",
                    "depends_on": [
                        "aws_security_group.rpc_sender",
                        "aws_vpc.quorum_raft"
                    ],
                    "primary": {
                        "id": "sg-a5484fd9",
                        "attributes": {
                            "description": "Allow eth p2p from other quorum nodes and RPC traffic from designated nodes",
                            "egress.#": "1",
                            "egress.482069346.cidr_blocks.#": "1",
                            "egress.482069346.cidr_blocks.0": "0.0.0.0/0",
                            "egress.482069346.from_port": "0",
                            "egress.482069346.prefix_list_ids.#": "0",
                            "egress.482069346.protocol": "-1",
                            "egress.482069346.security_groups.#": "0",
                            "egress.482069346.self": "false",
                            "egress.482069346.to_port": "0",
                            "id": "sg-a5484fd9",
                            "ingress.#": "4",
                            "ingress.1451050468.cidr_blocks.#": "0",
                            "ingress.1451050468.from_port": "50400",
                            "ingress.1451050468.protocol": "tcp",
                            "ingress.1451050468.security_groups.#": "0",
                            "ingress.1451050468.self": "true",
                            "ingress.1451050468.to_port": "50900",
                            "ingress.17169332.cidr_blocks.#": "0",
                            "ingress.17169332.from_port": "9000",
                            "ingress.17169332.protocol": "tcp",
                            "ingress.17169332.security_groups.#": "0",
                            "ingress.17169332.self": "true",
                            "ingress.17169332.to_port": "9500",
                            "ingress.2190052631.cidr_blocks.#": "0",
                            "ingress.2190052631.from_port": "40400",
                            "ingress.2190052631.protocol": "tcp",
                            "ingress.2190052631.security_groups.#": "1",
                            "ingress.2190052631.security_groups.3921544574": "sg-b1484fcd",
                            "ingress.2190052631.self": "false",
                            "ingress.2190052631.to_port": "40900",
                            "ingress.2193265872.cidr_blocks.#": "0",
                            "ingress.2193265872.from_port": "30400",
                            "ingress.2193265872.protocol": "tcp",
                            "ingress.2193265872.security_groups.#": "0",
                            "ingress.2193265872.self": "true",
                            "ingress.2193265872.to_port": "30900",
                            "name": "quorum-raft demo quorum instance",
                            "owner_id": "128367567151",
                            "tags.%": "4",
                            "tags.Environment": "demo",
                            "tags.Name": "quorum-raft demo quorum instance",
                            "tags.Project": "quorum-raft",
                            "tags.Terraformed": "true",
                            "vpc_id": "vpc-ef344989"
                        },
                        "meta": {},
                        "tainted": false
                    },
                    "deposed": [],
                    "provider": ""
                },
                "aws_security_group.rpc_sender": {
                    "type": "aws_security_group",
                    "depends_on": [
                        "aws_vpc.quorum_raft"
                    ],
                    "primary": {
                        "id": "sg-b1484fcd",
                        "attributes": {
                            "description": "Can send RPC traffic to quorum-raft quorum nodes",
                            "egress.#": "0",
                            "id": "sg-b1484fcd",
                            "ingress.#": "0",
                            "name": "quorum-raft demo rpc sender",
                            "owner_id": "128367567151",
                            "tags.%": "4",
                            "tags.Environment": "demo",
                            "tags.Name": "quorum-raft demo rpc sender",
                            "tags.Project": "quorum-raft",
                            "tags.Terraformed": "true",
                            "vpc_id": "vpc-ef344989"
                        },
                        "meta": {},
                        "tainted": false
                    },
                    "deposed": [],
                    "provider": ""
                },
                "aws_security_group.ssh_open": {
                    "type": "aws_security_group",
                    "depends_on": [
                        "aws_vpc.quorum_raft"
                    ],
                    "primary": {
                        "id": "sg-b0484fcc",
                        "attributes": {
                            "description": "Allow ssh connections",
                            "egress.#": "0",
                            "id": "sg-b0484fcc",
                            "ingress.#": "1",
                            "ingress.2541437006.cidr_blocks.#": "1",
                            "ingress.2541437006.cidr_blocks.0": "0.0.0.0/0",
                            "ingress.2541437006.from_port": "22",
                            "ingress.2541437006.protocol": "tcp",
                            "ingress.2541437006.security_groups.#": "0",
                            "ingress.2541437006.self": "false",
                            "ingress.2541437006.to_port": "22",
                            "name": "quorum-raft demo ssh access",
                            "owner_id": "128367567151",
                            "tags.%": "4",
                            "tags.Environment": "demo",
                            "tags.Name": "quorum-raft demo ssh access",
                            "tags.Project": "quorum-raft",
                            "tags.Terraformed": "true",
                            "vpc_id": "vpc-ef344989"
                        },
                        "meta": {},
                        "tainted": false
                    },
                    "deposed": [],
                    "provider": ""
                },
                "aws_subnet.subnet.0": {
                    "type": "aws_subnet",
                    "depends_on": [
                        "aws_vpc.quorum_raft"
                    ],
                    "primary": {
                        "id": "subnet-922c0ebf",
                        "attributes": {
                            "availability_zone": "us-east-1b",
                            "cidr_block": "10.0.1.0/24",
                            "id": "subnet-922c0ebf",
                            "map_public_ip_on_launch": "false",
                            "tags.%": "4",
                            "tags.Environment": "demo",
                            "tags.Name": "quorum-raft demo subnet 1",
                            "tags.Project": "quorum-raft",
                            "tags.Terraformed": "true",
                            "vpc_id": "vpc-ef344989"
                        },
                        "meta": {},
                        "tainted": false
                    },
                    "deposed": [],
                    "provider": ""
                },
                "aws_subnet.subnet.1": {
                    "type": "aws_subnet",
                    "depends_on": [
                        "aws_vpc.quorum_raft"
                    ],
                    "primary": {
                        "id": "subnet-039a894a",
                        "attributes": {
                            "availability_zone": "us-east-1c",
                            "cidr_block": "10.0.2.0/24",
                            "id": "subnet-039a894a",
                            "map_public_ip_on_launch": "false",
                            "tags.%": "4",
                            "tags.Environment": "demo",
                            "tags.Name": "quorum-raft demo subnet 2",
                            "tags.Project": "quorum-raft",
                            "tags.Terraformed": "true",
                            "vpc_id": "vpc-ef344989"
                        },
                        "meta": {},
                        "tainted": false
                    },
                    "deposed": [],
                    "provider": ""
                },
                "aws_subnet.subnet.2": {
                    "type": "aws_subnet",
                    "depends_on": [
                        "aws_vpc.quorum_raft"
                    ],
                    "primary": {
                        "id": "subnet-045c055f",
                        "attributes": {
                            "availability_zone": "us-east-1d",
                            "cidr_block": "10.0.3.0/24",
                            "id": "subnet-045c055f",
                            "map_public_ip_on_launch": "false",
                            "tags.%": "4",
                            "tags.Environment": "demo",
                            "tags.Name": "quorum-raft demo subnet 3",
                            "tags.Project": "quorum-raft",
                            "tags.Terraformed": "true",
                            "vpc_id": "vpc-ef344989"
                        },
                        "meta": {},
                        "tainted": false
                    },
                    "deposed": [],
                    "provider": ""
                },
                "aws_vpc.quorum_raft": {
                    "type": "aws_vpc",
                    "depends_on": [],
                    "primary": {
                        "id": "vpc-ef344989",
                        "attributes": {
                            "cidr_block": "10.0.0.0/16",
                            "default_network_acl_id": "acl-31eeec57",
                            "default_route_table_id": "rtb-0d981d74",
                            "default_security_group_id": "sg-d3484faf",
                            "dhcp_options_id": "dopt-10255f75",
                            "enable_classiclink": "false",
                            "enable_dns_hostnames": "true",
                            "enable_dns_support": "true",
                            "id": "vpc-ef344989",
                            "instance_tenancy": "default",
                            "main_route_table_id": "rtb-0d981d74",
                            "tags.%": "4",
                            "tags.Environment": "demo",
                            "tags.Name": "quorum-raft demo vpc",
                            "tags.Project": "quorum-raft",
                            "tags.Terraformed": "true"
                        },
                        "meta": {},
                        "tainted": false
                    },
                    "deposed": [],
                    "provider": ""
                },
                "data.aws_ami.ubuntu": {
                    "type": "aws_ami",
                    "depends_on": [],
                    "primary": {
                        "id": "ami-f4cc1de2",
                        "attributes": {
                            "architecture": "x86_64",
                            "block_device_mappings.#": "3",
                            "block_device_mappings.1634610537.device_name": "/dev/sdb",
                            "block_device_mappings.1634610537.ebs.%": "0",
                            "block_device_mappings.1634610537.no_device": "",
                            "block_device_mappings.1634610537.virtual_name": "ephemeral0",
                            "block_device_mappings.2547816212.device_name": "/dev/sda1",
                            "block_device_mappings.2547816212.ebs.%": "6",
                            "block_device_mappings.2547816212.ebs.delete_on_termination": "true",
                            "block_device_mappings.2547816212.ebs.encrypted": "false",
                            "block_device_mappings.2547816212.ebs.iops": "0",
                            "block_device_mappings.2547816212.ebs.snapshot_id": "snap-00762b50998e9113b",
                            "block_device_mappings.2547816212.ebs.volume_size": "8",
                            "block_device_mappings.2547816212.ebs.volume_type": "gp2",
                            "block_device_mappings.2547816212.no_device": "",
                            "block_device_mappings.2547816212.virtual_name": "",
                            "block_device_mappings.3850042718.device_name": "/dev/sdc",
                            "block_device_mappings.3850042718.ebs.%": "0",
                            "block_device_mappings.3850042718.no_device": "",
                            "block_device_mappings.3850042718.virtual_name": "ephemeral1",
                            "creation_date": "2017-02-22T12:31:33.000Z",
                            "filter.#": "2",
                            "filter.1585153008.name": "name",
                            "filter.1585153008.values.#": "1",
                            "filter.1585153008.values.0": "ubuntu/images/hvm-ssd/ubuntu-xenial-16.04-amd64-server-*",
                            "filter.490168357.name": "virtualization-type",
                            "filter.490168357.values.#": "1",
                            "filter.490168357.values.0": "hvm",
                            "hypervisor": "xen",
                            "id": "ami-f4cc1de2",
                            "image_id": "ami-f4cc1de2",
                            "image_location": "099720109477/ubuntu/images/hvm-ssd/ubuntu-xenial-16.04-amd64-server-20170221",
                            "image_type": "machine",
                            "most_recent": "true",
                            "name": "ubuntu/images/hvm-ssd/ubuntu-xenial-16.04-amd64-server-20170221",
                            "owner_id": "099720109477",
                            "owners.#": "1",
                            "owners.0": "099720109477",
                            "product_codes.#": "0",
                            "public": "true",
                            "root_device_name": "/dev/sda1",
                            "root_device_type": "ebs",
                            "sriov_net_support": "simple",
                            "state": "available",
                            "state_reason.%": "2",
                            "state_reason.code": "UNSET",
                            "state_reason.message": "UNSET",
                            "tags.#": "0",
                            "virtualization_type": "hvm"
                        },
                        "meta": {},
                        "tainted": false
                    },
                    "deposed": [],
                    "provider": ""
                },
                "null_resource.cluster_datadirs": {
                    "type": "null_resource",
                    "depends_on": [],
                    "primary": {
                        "id": "5529032981506060702",
                        "attributes": {
                            "id": "5529032981506060702",
                            "triggers.%": "3",
                            "triggers.local_datadir_root": "cluster-data",
                            "triggers.num_instances": "3",
                            "triggers.subnet_azs": "us-east-1b,us-east-1c,us-east-1d"
                        },
                        "meta": {},
                        "tainted": false
                    },
                    "deposed": [],
                    "provider": ""
                }
            },
            "depends_on": []
        }
    ]
}
