{
    "version": 3,
    "terraform_version": "0.8.5",
    "serial": 0,
    "lineage": "906133c1-5bf5-4716-a730-85fb436cde30",
    "modules": [
        {
            "path": [
                "root"
            ],
            "outputs": {
                "environment": {
                    "sensitive": false,
                    "type": "string",
                    "value": "reconnect"
                },
                "geth1": {
                    "sensitive": false,
                    "type": "string",
                    "value": "184.73.7.141"
                },
                "geth2": {
                    "sensitive": false,
                    "type": "string",
                    "value": "174.129.50.20"
                },
                "geth3": {
                    "sensitive": false,
                    "type": "string",
                    "value": "54.91.227.137"
                },
                "quorum-azs": {
                    "sensitive": false,
                    "type": "list",
                    "value": [
                        "us-east-1b",
                        "us-east-1c",
                        "us-east-1d"
                    ]
                },
                "quorum-private-ips": {
                    "sensitive": false,
                    "type": "list",
                    "value": [
                        "10.0.1.101",
                        "10.0.2.101",
                        "10.0.3.101"
                    ]
                },
                "quorum-public-ips": {
                    "sensitive": false,
                    "type": "list",
                    "value": [
                        "184.73.7.141",
                        "174.129.50.20",
                        "54.91.227.137"
                    ]
                }
            },
            "resources": {
                "aws_iam_instance_profile.ecr_accessor": {
                    "type": "aws_iam_instance_profile",
                    "depends_on": [
                        "aws_iam_role.ecr_accessor"
                    ],
                    "primary": {
                        "id": "quorum-raft.reconnect.ecrAccessor",
                        "attributes": {
                            "arn": "arn:aws:iam::128367567151:instance-profile/quorum-raft.reconnect.ecrAccessor",
                            "id": "quorum-raft.reconnect.ecrAccessor",
                            "name": "quorum-raft.reconnect.ecrAccessor",
                            "path": "/",
                            "roles.#": "1",
                            "roles.459843973": "quorum-raft.reconnect.ecrAccessor"
                        },
                        "meta": {},
                        "tainted": false
                    },
                    "deposed": [],
                    "provider": ""
                },
                "aws_iam_role.ecr_accessor": {
                    "type": "aws_iam_role",
                    "depends_on": [],
                    "primary": {
                        "id": "quorum-raft.reconnect.ecrAccessor",
                        "attributes": {
                            "arn": "arn:aws:iam::128367567151:role/quorum-raft.reconnect.ecrAccessor",
                            "assume_role_policy": "{ \"Version\":   \"2012-10-17\"\n, \"Statement\": [ { \"Effect\":    \"Allow\"\n                 , \"Principal\": { \"Service\": \"ec2.amazonaws.com\" }\n                 , \"Action\":    \"sts:AssumeRole\" } ] }\n",
                            "create_date": "2017-02-07T21:38:31Z",
                            "id": "quorum-raft.reconnect.ecrAccessor",
                            "name": "quorum-raft.reconnect.ecrAccessor",
                            "path": "/",
                            "unique_id": "AROAJJWVGDZJKINUAILYK"
                        },
                        "meta": {},
                        "tainted": false
                    },
                    "deposed": [],
                    "provider": ""
                },
                "aws_iam_role_policy.ecr_accessor": {
                    "type": "aws_iam_role_policy",
                    "depends_on": [
                        "aws_iam_role.ecr_accessor"
                    ],
                    "primary": {
                        "id": "quorum-raft.reconnect.ecrAccessor:quorum-raft.reconnect.ecrAccessor",
                        "attributes": {
                            "id": "quorum-raft.reconnect.ecrAccessor:quorum-raft.reconnect.ecrAccessor",
                            "name": "quorum-raft.reconnect.ecrAccessor",
                            "policy": "{ \"Version\":   \"2012-10-17\"\n, \"Statement\": [ { \"Action\":   [ \"ecr:GetAuthorizationToken\"\n                               , \"ecr:BatchCheckLayerAvailability\"\n                               , \"ecr:GetDownloadUrlForLayer\"\n                               , \"ecr:BatchGetImage\"\n                               ]\n                 , \"Effect\":   \"Allow\"\n                 , \"Resource\": \"*\" } ] }\n",
                            "role": "quorum-raft.reconnect.ecrAccessor"
                        },
                        "meta": {},
                        "tainted": false
                    },
                    "deposed": [],
                    "provider": ""
                },
                "aws_instance.quorum.0": {
                    "type": "aws_instance",
                    "depends_on": [
                        "aws_iam_instance_profile.ecr_accessor",
                        "aws_security_group.quorum_instance",
                        "aws_security_group.rpc_sender",
                        "aws_security_group.ssh_open",
                        "aws_subnet.subnet",
                        "aws_subnet.subnet",
                        "aws_subnet.subnet",
                        "data.aws_ami.ubuntu",
                        "null_resource.cluster_datadirs"
                    ],
                    "primary": {
                        "id": "i-0f89a0cbce24b8b8b",
                        "attributes": {
                            "ami": "ami-f0768de6",
                            "associate_public_ip_address": "true",
                            "availability_zone": "us-east-1b",
                            "disable_api_termination": "false",
                            "ebs_block_device.#": "0",
                            "ebs_optimized": "false",
                            "ephemeral_block_device.#": "0",
                            "iam_instance_profile": "quorum-raft.reconnect.ecrAccessor",
                            "id": "i-0f89a0cbce24b8b8b",
                            "instance_state": "running",
                            "instance_type": "m4.large",
                            "key_name": "ethereum-raft-demo",
                            "monitoring": "false",
                            "network_interface_id": "eni-8ca84e7e",
                            "private_dns": "ip-10-0-1-101.ec2.internal",
                            "private_ip": "10.0.1.101",
                            "public_dns": "ec2-184-73-7-141.compute-1.amazonaws.com",
                            "public_ip": "184.73.7.141",
                            "root_block_device.#": "1",
                            "root_block_device.0.delete_on_termination": "true",
                            "root_block_device.0.iops": "150",
                            "root_block_device.0.volume_size": "50",
                            "root_block_device.0.volume_type": "gp2",
                            "security_groups.#": "0",
                            "source_dest_check": "true",
                            "subnet_id": "subnet-1b95c436",
                            "tags.%": "4",
                            "tags.Environment": "reconnect",
                            "tags.Name": "quorum-raft reconnect quorum 1",
                            "tags.Project": "quorum-raft",
                            "tags.Terraformed": "true",
                            "tenancy": "default",
                            "vpc_security_group_ids.#": "3",
                            "vpc_security_group_ids.1548999234": "sg-1b482667",
                            "vpc_security_group_ids.2364087134": "sg-14482668",
                            "vpc_security_group_ids.2985391498": "sg-0c482670"
                        },
                        "meta": {
                            "schema_version": "1"
                        },
                        "tainted": false
                    },
                    "deposed": [],
                    "provider": ""
                },
                "aws_instance.quorum.1": {
                    "type": "aws_instance",
                    "depends_on": [
                        "aws_iam_instance_profile.ecr_accessor",
                        "aws_security_group.quorum_instance",
                        "aws_security_group.rpc_sender",
                        "aws_security_group.ssh_open",
                        "aws_subnet.subnet",
                        "aws_subnet.subnet",
                        "aws_subnet.subnet",
                        "data.aws_ami.ubuntu",
                        "null_resource.cluster_datadirs"
                    ],
                    "primary": {
                        "id": "i-04dc5dd775f8ddfeb",
                        "attributes": {
                            "ami": "ami-f0768de6",
                            "associate_public_ip_address": "true",
                            "availability_zone": "us-east-1c",
                            "disable_api_termination": "false",
                            "ebs_block_device.#": "0",
                            "ebs_optimized": "false",
                            "ephemeral_block_device.#": "0",
                            "iam_instance_profile": "quorum-raft.reconnect.ecrAccessor",
                            "id": "i-04dc5dd775f8ddfeb",
                            "instance_state": "running",
                            "instance_type": "m4.large",
                            "key_name": "ethereum-raft-demo",
                            "monitoring": "false",
                            "network_interface_id": "eni-2c2537cd",
                            "private_dns": "ip-10-0-2-101.ec2.internal",
                            "private_ip": "10.0.2.101",
                            "public_dns": "ec2-174-129-50-20.compute-1.amazonaws.com",
                            "public_ip": "174.129.50.20",
                            "root_block_device.#": "1",
                            "root_block_device.0.delete_on_termination": "true",
                            "root_block_device.0.iops": "150",
                            "root_block_device.0.volume_size": "50",
                            "root_block_device.0.volume_type": "gp2",
                            "security_groups.#": "0",
                            "source_dest_check": "true",
                            "subnet_id": "subnet-f7dddbbe",
                            "tags.%": "4",
                            "tags.Environment": "reconnect",
                            "tags.Name": "quorum-raft reconnect quorum 2",
                            "tags.Project": "quorum-raft",
                            "tags.Terraformed": "true",
                            "tenancy": "default",
                            "vpc_security_group_ids.#": "3",
                            "vpc_security_group_ids.1548999234": "sg-1b482667",
                            "vpc_security_group_ids.2364087134": "sg-14482668",
                            "vpc_security_group_ids.2985391498": "sg-0c482670"
                        },
                        "meta": {
                            "schema_version": "1"
                        },
                        "tainted": false
                    },
                    "deposed": [],
                    "provider": ""
                },
                "aws_instance.quorum.2": {
                    "type": "aws_instance",
                    "depends_on": [
                        "aws_iam_instance_profile.ecr_accessor",
                        "aws_security_group.quorum_instance",
                        "aws_security_group.rpc_sender",
                        "aws_security_group.ssh_open",
                        "aws_subnet.subnet",
                        "aws_subnet.subnet",
                        "aws_subnet.subnet",
                        "data.aws_ami.ubuntu",
                        "null_resource.cluster_datadirs"
                    ],
                    "primary": {
                        "id": "i-04c9b808cd2ad7016",
                        "attributes": {
                            "ami": "ami-f0768de6",
                            "associate_public_ip_address": "true",
                            "availability_zone": "us-east-1d",
                            "disable_api_termination": "false",
                            "ebs_block_device.#": "0",
                            "ebs_optimized": "false",
                            "ephemeral_block_device.#": "0",
                            "iam_instance_profile": "quorum-raft.reconnect.ecrAccessor",
                            "id": "i-04c9b808cd2ad7016",
                            "instance_state": "running",
                            "instance_type": "m4.large",
                            "key_name": "ethereum-raft-demo",
                            "monitoring": "false",
                            "network_interface_id": "eni-ff50b03b",
                            "private_dns": "ip-10-0-3-101.ec2.internal",
                            "private_ip": "10.0.3.101",
                            "public_dns": "ec2-54-91-227-137.compute-1.amazonaws.com",
                            "public_ip": "54.91.227.137",
                            "root_block_device.#": "1",
                            "root_block_device.0.delete_on_termination": "true",
                            "root_block_device.0.iops": "150",
                            "root_block_device.0.volume_size": "50",
                            "root_block_device.0.volume_type": "gp2",
                            "security_groups.#": "0",
                            "source_dest_check": "true",
                            "subnet_id": "subnet-36ffb36d",
                            "tags.%": "4",
                            "tags.Environment": "reconnect",
                            "tags.Name": "quorum-raft reconnect quorum 3",
                            "tags.Project": "quorum-raft",
                            "tags.Terraformed": "true",
                            "tenancy": "default",
                            "vpc_security_group_ids.#": "3",
                            "vpc_security_group_ids.1548999234": "sg-1b482667",
                            "vpc_security_group_ids.2364087134": "sg-14482668",
                            "vpc_security_group_ids.2985391498": "sg-0c482670"
                        },
                        "meta": {
                            "schema_version": "1"
                        },
                        "tainted": false
                    },
                    "deposed": [],
                    "provider": ""
                },
                "aws_internet_gateway.quorum_raft": {
                    "type": "aws_internet_gateway",
                    "depends_on": [
                        "aws_vpc.quorum_raft"
                    ],
                    "primary": {
                        "id": "igw-476c3720",
                        "attributes": {
                            "id": "igw-476c3720",
                            "tags.%": "4",
                            "tags.Environment": "reconnect",
                            "tags.Name": "quorum-raft reconnect internet gateway",
                            "tags.Project": "quorum-raft",
                            "tags.Terraformed": "true",
                            "vpc_id": "vpc-115c3977"
                        },
                        "meta": {},
                        "tainted": false
                    },
                    "deposed": [],
                    "provider": ""
                },
                "aws_route_table.quorum_raft": {
                    "type": "aws_route_table",
                    "depends_on": [
                        "aws_internet_gateway.quorum_raft",
                        "aws_vpc.quorum_raft"
                    ],
                    "primary": {
                        "id": "rtb-3b17b142",
                        "attributes": {
                            "id": "rtb-3b17b142",
                            "propagating_vgws.#": "0",
                            "route.#": "1",
                            "route.4190705738.cidr_block": "0.0.0.0/0",
                            "route.4190705738.gateway_id": "igw-476c3720",
                            "route.4190705738.instance_id": "",
                            "route.4190705738.nat_gateway_id": "",
                            "route.4190705738.network_interface_id": "",
                            "route.4190705738.vpc_peering_connection_id": "",
                            "tags.%": "4",
                            "tags.Environment": "reconnect",
                            "tags.Name": "quorum-raft reconnect route table",
                            "tags.Project": "quorum-raft",
                            "tags.Terraformed": "true",
                            "vpc_id": "vpc-115c3977"
                        },
                        "meta": {},
                        "tainted": false
                    },
                    "deposed": [],
                    "provider": ""
                },
                "aws_route_table_association.rta.0": {
                    "type": "aws_route_table_association",
                    "depends_on": [
                        "aws_route_table.quorum_raft",
                        "aws_subnet.subnet"
                    ],
                    "primary": {
                        "id": "rtbassoc-60ca5c18",
                        "attributes": {
                            "id": "rtbassoc-60ca5c18",
                            "route_table_id": "rtb-3b17b142",
                            "subnet_id": "subnet-1b95c436"
                        },
                        "meta": {},
                        "tainted": false
                    },
                    "deposed": [],
                    "provider": ""
                },
                "aws_route_table_association.rta.1": {
                    "type": "aws_route_table_association",
                    "depends_on": [
                        "aws_route_table.quorum_raft",
                        "aws_subnet.subnet"
                    ],
                    "primary": {
                        "id": "rtbassoc-6eca5c16",
                        "attributes": {
                            "id": "rtbassoc-6eca5c16",
                            "route_table_id": "rtb-3b17b142",
                            "subnet_id": "subnet-f7dddbbe"
                        },
                        "meta": {},
                        "tainted": false
                    },
                    "deposed": [],
                    "provider": ""
                },
                "aws_route_table_association.rta.2": {
                    "type": "aws_route_table_association",
                    "depends_on": [
                        "aws_route_table.quorum_raft",
                        "aws_subnet.subnet"
                    ],
                    "primary": {
                        "id": "rtbassoc-6fca5c17",
                        "attributes": {
                            "id": "rtbassoc-6fca5c17",
                            "route_table_id": "rtb-3b17b142",
                            "subnet_id": "subnet-36ffb36d"
                        },
                        "meta": {},
                        "tainted": false
                    },
                    "deposed": [],
                    "provider": ""
                },
                "aws_security_group.quorum_instance": {
                    "type": "aws_security_group",
                    "depends_on": [
                        "aws_security_group.rpc_sender",
                        "aws_vpc.quorum_raft"
                    ],
                    "primary": {
                        "id": "sg-0c482670",
                        "attributes": {
                            "description": "Allow eth p2p from other quorum nodes and RPC traffic from designated nodes",
                            "egress.#": "1",
                            "egress.482069346.cidr_blocks.#": "1",
                            "egress.482069346.cidr_blocks.0": "0.0.0.0/0",
                            "egress.482069346.from_port": "0",
                            "egress.482069346.prefix_list_ids.#": "0",
                            "egress.482069346.protocol": "-1",
                            "egress.482069346.security_groups.#": "0",
                            "egress.482069346.self": "false",
                            "egress.482069346.to_port": "0",
                            "id": "sg-0c482670",
                            "ingress.#": "3",
                            "ingress.1451050468.cidr_blocks.#": "0",
                            "ingress.1451050468.from_port": "50400",
                            "ingress.1451050468.protocol": "tcp",
                            "ingress.1451050468.security_groups.#": "0",
                            "ingress.1451050468.self": "true",
                            "ingress.1451050468.to_port": "50900",
                            "ingress.2193265872.cidr_blocks.#": "0",
                            "ingress.2193265872.from_port": "30400",
                            "ingress.2193265872.protocol": "tcp",
                            "ingress.2193265872.security_groups.#": "0",
                            "ingress.2193265872.self": "true",
                            "ingress.2193265872.to_port": "30900",
                            "ingress.2907905103.cidr_blocks.#": "0",
                            "ingress.2907905103.from_port": "40400",
                            "ingress.2907905103.protocol": "tcp",
                            "ingress.2907905103.security_groups.#": "1",
                            "ingress.2907905103.security_groups.1548999234": "sg-1b482667",
                            "ingress.2907905103.self": "false",
                            "ingress.2907905103.to_port": "40900",
                            "name": "quorum-raft reconnect quorum instance",
                            "owner_id": "128367567151",
                            "tags.%": "4",
                            "tags.Environment": "reconnect",
                            "tags.Name": "quorum-raft reconnect quorum instance",
                            "tags.Project": "quorum-raft",
                            "tags.Terraformed": "true",
                            "vpc_id": "vpc-115c3977"
                        },
                        "meta": {},
                        "tainted": false
                    },
                    "deposed": [],
                    "provider": ""
                },
                "aws_security_group.rpc_sender": {
                    "type": "aws_security_group",
                    "depends_on": [
                        "aws_vpc.quorum_raft"
                    ],
                    "primary": {
                        "id": "sg-1b482667",
                        "attributes": {
                            "description": "Can send RPC traffic to quorum-raft quorum nodes",
                            "egress.#": "0",
                            "id": "sg-1b482667",
                            "ingress.#": "0",
                            "name": "quorum-raft reconnect rpc sender",
                            "owner_id": "128367567151",
                            "tags.%": "4",
                            "tags.Environment": "reconnect",
                            "tags.Name": "quorum-raft reconnect rpc sender",
                            "tags.Project": "quorum-raft",
                            "tags.Terraformed": "true",
                            "vpc_id": "vpc-115c3977"
                        },
                        "meta": {},
                        "tainted": false
                    },
                    "deposed": [],
                    "provider": ""
                },
                "aws_security_group.ssh_open": {
                    "type": "aws_security_group",
                    "depends_on": [
                        "aws_vpc.quorum_raft"
                    ],
                    "primary": {
                        "id": "sg-14482668",
                        "attributes": {
                            "description": "Allow ssh connections",
                            "egress.#": "0",
                            "id": "sg-14482668",
                            "ingress.#": "1",
                            "ingress.2541437006.cidr_blocks.#": "1",
                            "ingress.2541437006.cidr_blocks.0": "0.0.0.0/0",
                            "ingress.2541437006.from_port": "22",
                            "ingress.2541437006.protocol": "tcp",
                            "ingress.2541437006.security_groups.#": "0",
                            "ingress.2541437006.self": "false",
                            "ingress.2541437006.to_port": "22",
                            "name": "quorum-raft reconnect ssh access",
                            "owner_id": "128367567151",
                            "tags.%": "4",
                            "tags.Environment": "reconnect",
                            "tags.Name": "quorum-raft reconnect ssh access",
                            "tags.Project": "quorum-raft",
                            "tags.Terraformed": "true",
                            "vpc_id": "vpc-115c3977"
                        },
                        "meta": {},
                        "tainted": false
                    },
                    "deposed": [],
                    "provider": ""
                },
                "aws_subnet.subnet.0": {
                    "type": "aws_subnet",
                    "depends_on": [
                        "aws_vpc.quorum_raft"
                    ],
                    "primary": {
                        "id": "subnet-1b95c436",
                        "attributes": {
                            "availability_zone": "us-east-1b",
                            "cidr_block": "10.0.1.0/24",
                            "id": "subnet-1b95c436",
                            "map_public_ip_on_launch": "false",
                            "tags.%": "4",
                            "tags.Environment": "reconnect",
                            "tags.Name": "quorum-raft reconnect subnet 1",
                            "tags.Project": "quorum-raft",
                            "tags.Terraformed": "true",
                            "vpc_id": "vpc-115c3977"
                        },
                        "meta": {},
                        "tainted": false
                    },
                    "deposed": [],
                    "provider": ""
                },
                "aws_subnet.subnet.1": {
                    "type": "aws_subnet",
                    "depends_on": [
                        "aws_vpc.quorum_raft"
                    ],
                    "primary": {
                        "id": "subnet-f7dddbbe",
                        "attributes": {
                            "availability_zone": "us-east-1c",
                            "cidr_block": "10.0.2.0/24",
                            "id": "subnet-f7dddbbe",
                            "map_public_ip_on_launch": "false",
                            "tags.%": "4",
                            "tags.Environment": "reconnect",
                            "tags.Name": "quorum-raft reconnect subnet 2",
                            "tags.Project": "quorum-raft",
                            "tags.Terraformed": "true",
                            "vpc_id": "vpc-115c3977"
                        },
                        "meta": {},
                        "tainted": false
                    },
                    "deposed": [],
                    "provider": ""
                },
                "aws_subnet.subnet.2": {
                    "type": "aws_subnet",
                    "depends_on": [
                        "aws_vpc.quorum_raft"
                    ],
                    "primary": {
                        "id": "subnet-36ffb36d",
                        "attributes": {
                            "availability_zone": "us-east-1d",
                            "cidr_block": "10.0.3.0/24",
                            "id": "subnet-36ffb36d",
                            "map_public_ip_on_launch": "false",
                            "tags.%": "4",
                            "tags.Environment": "reconnect",
                            "tags.Name": "quorum-raft reconnect subnet 3",
                            "tags.Project": "quorum-raft",
                            "tags.Terraformed": "true",
                            "vpc_id": "vpc-115c3977"
                        },
                        "meta": {},
                        "tainted": false
                    },
                    "deposed": [],
                    "provider": ""
                },
                "aws_vpc.quorum_raft": {
                    "type": "aws_vpc",
                    "depends_on": [],
                    "primary": {
                        "id": "vpc-115c3977",
                        "attributes": {
                            "cidr_block": "10.0.0.0/16",
                            "default_network_acl_id": "acl-37e4cc51",
                            "default_route_table_id": "rtb-4017b139",
                            "default_security_group_id": "sg-2048265c",
                            "dhcp_options_id": "dopt-10255f75",
                            "enable_classiclink": "false",
                            "enable_dns_hostnames": "true",
                            "enable_dns_support": "true",
                            "id": "vpc-115c3977",
                            "instance_tenancy": "default",
                            "main_route_table_id": "rtb-4017b139",
                            "tags.%": "4",
                            "tags.Environment": "reconnect",
                            "tags.Name": "quorum-raft reconnect vpc",
                            "tags.Project": "quorum-raft",
                            "tags.Terraformed": "true"
                        },
                        "meta": {},
                        "tainted": false
                    },
                    "deposed": [],
                    "provider": ""
                },
                "data.aws_ami.ubuntu": {
                    "type": "aws_ami",
                    "depends_on": [],
                    "primary": {
                        "id": "ami-f0768de6",
                        "attributes": {
                            "architecture": "x86_64",
                            "block_device_mappings.#": "3",
                            "block_device_mappings.1634610537.device_name": "/dev/sdb",
                            "block_device_mappings.1634610537.ebs.%": "0",
                            "block_device_mappings.1634610537.no_device": "",
                            "block_device_mappings.1634610537.virtual_name": "ephemeral0",
                            "block_device_mappings.2547816212.device_name": "/dev/sda1",
                            "block_device_mappings.2547816212.ebs.%": "6",
                            "block_device_mappings.2547816212.ebs.delete_on_termination": "true",
                            "block_device_mappings.2547816212.ebs.encrypted": "false",
                            "block_device_mappings.2547816212.ebs.iops": "0",
                            "block_device_mappings.2547816212.ebs.snapshot_id": "snap-0d00c7efb1a6db1ee",
                            "block_device_mappings.2547816212.ebs.volume_size": "8",
                            "block_device_mappings.2547816212.ebs.volume_type": "gp2",
                            "block_device_mappings.2547816212.no_device": "",
                            "block_device_mappings.2547816212.virtual_name": "",
                            "block_device_mappings.3850042718.device_name": "/dev/sdc",
                            "block_device_mappings.3850042718.ebs.%": "0",
                            "block_device_mappings.3850042718.no_device": "",
                            "block_device_mappings.3850042718.virtual_name": "ephemeral1",
                            "creation_date": "2017-02-03T10:30:34.000Z",
                            "filter.#": "2",
                            "filter.1585153008.name": "name",
                            "filter.1585153008.values.#": "1",
                            "filter.1585153008.values.0": "ubuntu/images/hvm-ssd/ubuntu-xenial-16.04-amd64-server-*",
                            "filter.490168357.name": "virtualization-type",
                            "filter.490168357.values.#": "1",
                            "filter.490168357.values.0": "hvm",
                            "hypervisor": "xen",
                            "id": "ami-f0768de6",
                            "image_id": "ami-f0768de6",
                            "image_location": "099720109477/ubuntu/images/hvm-ssd/ubuntu-xenial-16.04-amd64-server-20170202",
                            "image_type": "machine",
                            "most_recent": "true",
                            "name": "ubuntu/images/hvm-ssd/ubuntu-xenial-16.04-amd64-server-20170202",
                            "owner_id": "099720109477",
                            "owners.#": "1",
                            "owners.0": "099720109477",
                            "product_codes.#": "0",
                            "public": "true",
                            "root_device_name": "/dev/sda1",
                            "root_device_type": "ebs",
                            "sriov_net_support": "simple",
                            "state": "available",
                            "state_reason.%": "2",
                            "state_reason.code": "UNSET",
                            "state_reason.message": "UNSET",
                            "tags.#": "0",
                            "virtualization_type": "hvm"
                        },
                        "meta": {},
                        "tainted": false
                    },
                    "deposed": [],
                    "provider": ""
                },
                "null_resource.cluster_datadirs": {
                    "type": "null_resource",
                    "depends_on": [],
                    "primary": {
                        "id": "7527378596922991736",
                        "attributes": {
                            "id": "7527378596922991736",
                            "triggers.%": "3",
                            "triggers.local_datadir_root": "cluster-data",
                            "triggers.num_instances": "3",
                            "triggers.subnet_azs": "us-east-1b,us-east-1c,us-east-1d"
                        },
                        "meta": {},
                        "tainted": false
                    },
                    "deposed": [],
                    "provider": ""
                }
            },
            "depends_on": []
        }
    ]
}
